// !$*UTF8*$!
{
	archiveVersion = 1;
	classes = {
	};
	objectVersion = 46;
	objects = {

/* Begin PBXBuildFile section */
		82F9387D1C4B651800EF19CC /* main.m in Sources */ = {isa = PBXBuildFile; fileRef = 82F9387C1C4B651800EF19CC /* main.m */; };
		82F938801C4B651800EF19CC /* AppDelegate.m in Sources */ = {isa = PBXBuildFile; fileRef = 82F9387F1C4B651800EF19CC /* AppDelegate.m */; };
		82F938831C4B651800EF19CC /* ViewController.m in Sources */ = {isa = PBXBuildFile; fileRef = 82F938821C4B651800EF19CC /* ViewController.m */; };
		82F938861C4B651800EF19CC /* Main.storyboard in Resources */ = {isa = PBXBuildFile; fileRef = 82F938841C4B651800EF19CC /* Main.storyboard */; };
		82F938881C4B651800EF19CC /* Assets.xcassets in Resources */ = {isa = PBXBuildFile; fileRef = 82F938871C4B651800EF19CC /* Assets.xcassets */; };
		82F9388B1C4B651800EF19CC /* LaunchScreen.storyboard in Resources */ = {isa = PBXBuildFile; fileRef = 82F938891C4B651800EF19CC /* LaunchScreen.storyboard */; };
		82F938961C4B651800EF19CC /* TestTextFieldTests.m in Sources */ = {isa = PBXBuildFile; fileRef = 82F938951C4B651800EF19CC /* TestTextFieldTests.m */; };
		82F938A11C4B651800EF19CC /* TestTextFieldUITests.m in Sources */ = {isa = PBXBuildFile; fileRef = 82F938A01C4B651800EF19CC /* TestTextFieldUITests.m */; };
/* End PBXBuildFile section */

/* Begin PBXContainerItemProxy section */
		82F938921C4B651800EF19CC /* PBXContainerItemProxy */ = {
			isa = PBXContainerItemProxy;
			containerPortal = 82F938701C4B651800EF19CC /* Project object */;
			proxyType = 1;
			remoteGlobalIDString = 82F938771C4B651800EF19CC;
			remoteInfo = TestTextField;
		};
		82F9389D1C4B651800EF19CC /* PBXContainerItemProxy */ = {
			isa = PBXContainerItemProxy;
			containerPortal = 82F938701C4B651800EF19CC /* Project object */;
			proxyType = 1;
			remoteGlobalIDString = 82F938771C4B651800EF19CC;
			remoteInfo = TestTextField;
		};
/* End PBXContainerItemProxy section */

/* Begin PBXFileReference section */
		82F938781C4B651800EF19CC /* TestTextField.app */ = {isa = PBXFileReference; explicitFileType = wrapper.application; includeInIndex = 0; path = TestTextField.app; sourceTree = BUILT_PRODUCTS_DIR; };
		82F9387C1C4B651800EF19CC /* main.m */ = {isa = PBXFileReference; lastKnownFileType = sourcecode.c.objc; path = main.m; sourceTree = "<group>"; };
		82F9387E1C4B651800EF19CC /* AppDelegate.h */ = {isa = PBXFileReference; lastKnownFileType = sourcecode.c.h; path = AppDelegate.h; sourceTree = "<group>"; };
		82F9387F1C4B651800EF19CC /* AppDelegate.m */ = {isa = PBXFileReference; lastKnownFileType = sourcecode.c.objc; path = AppDelegate.m; sourceTree = "<group>"; };
		82F938811C4B651800EF19CC /* ViewController.h */ = {isa = PBXFileReference; lastKnownFileType = sourcecode.c.h; path = ViewController.h; sourceTree = "<group>"; };
		82F938821C4B651800EF19CC /* ViewController.m */ = {isa = PBXFileReference; lastKnownFileType = sourcecode.c.objc; path = ViewController.m; sourceTree = "<group>"; };
		82F938851C4B651800EF19CC /* Base */ = {isa = PBXFileReference; lastKnownFileType = file.storyboard; name = Base; path = Base.lproj/Main.storyboard; sourceTree = "<group>"; };
		82F938871C4B651800EF19CC /* Assets.xcassets */ = {isa = PBXFileReference; lastKnownFileType = folder.assetcatalog; path = Assets.xcassets; sourceTree = "<group>"; };
		82F9388A1C4B651800EF19CC /* Base */ = {isa = PBXFileReference; lastKnownFileType = file.storyboard; name = Base; path = Base.lproj/LaunchScreen.storyboard; sourceTree = "<group>"; };
		82F9388C1C4B651800EF19CC /* Info.plist */ = {isa = PBXFileReference; lastKnownFileType = text.plist.xml; path = Info.plist; sourceTree = "<group>"; };
		82F938911C4B651800EF19CC /* TestTextFieldTests.xctest */ = {isa = PBXFileReference; explicitFileType = wrapper.cfbundle; includeInIndex = 0; path = TestTextFieldTests.xctest; sourceTree = BUILT_PRODUCTS_DIR; };
		82F938951C4B651800EF19CC /* TestTextFieldTests.m */ = {isa = PBXFileReference; lastKnownFileType = sourcecode.c.objc; path = TestTextFieldTests.m; sourceTree = "<group>"; };
		82F938971C4B651800EF19CC /* Info.plist */ = {isa = PBXFileReference; lastKnownFileType = text.plist.xml; path = Info.plist; sourceTree = "<group>"; };
		82F9389C1C4B651800EF19CC /* TestTextFieldUITests.xctest */ = {isa = PBXFileReference; explicitFileType = wrapper.cfbundle; includeInIndex = 0; path = TestTextFieldUITests.xctest; sourceTree = BUILT_PRODUCTS_DIR; };
		82F938A01C4B651800EF19CC /* TestTextFieldUITests.m */ = {isa = PBXFileReference; lastKnownFileType = sourcecode.c.objc; path = TestTextFieldUITests.m; sourceTree = "<group>"; };
		82F938A21C4B651800EF19CC /* Info.plist */ = {isa = PBXFileReference; lastKnownFileType = text.plist.xml; path = Info.plist; sourceTree = "<group>"; };
/* End PBXFileReference section */

/* Begin PBXFrameworksBuildPhase section */
		82F938751C4B651800EF19CC /* Frameworks */ = {
			isa = PBXFrameworksBuildPhase;
			buildActionMask = 2147483647;
			files = (
			);
			runOnlyForDeploymentPostprocessing = 0;
		};
		82F9388E1C4B651800EF19CC /* Frameworks */ = {
			isa = PBXFrameworksBuildPhase;
			buildActionMask = 2147483647;
			files = (
			);
			runOnlyForDeploymentPostprocessing = 0;
		};
		82F938991C4B651800EF19CC /* Frameworks */ = {
			isa = PBXFrameworksBuildPhase;
			buildActionMask = 2147483647;
			files = (
			);
			runOnlyForDeploymentPostprocessing = 0;
		};
/* End PBXFrameworksBuildPhase section */

/* Begin PBXGroup section */
		82F9386F1C4B651800EF19CC = {
			isa = PBXGroup;
			children = (
				82F9387A1C4B651800EF19CC /* TestTextField */,
				82F938941C4B651800EF19CC /* TestTextFieldTests */,
				82F9389F1C4B651800EF19CC /* TestTextFieldUITests */,
				82F938791C4B651800EF19CC /* Products */,
			);
			sourceTree = "<group>";
		};
		82F938791C4B651800EF19CC /* Products */ = {
			isa = PBXGroup;
			children = (
				82F938781C4B651800EF19CC /* TestTextField.app */,
				82F938911C4B651800EF19CC /* TestTextFieldTests.xctest */,
				82F9389C1C4B651800EF19CC /* TestTextFieldUITests.xctest */,
			);
			name = Products;
			sourceTree = "<group>";
		};
		82F9387A1C4B651800EF19CC /* TestTextField */ = {
			isa = PBXGroup;
			children = (
				82F9387E1C4B651800EF19CC /* AppDelegate.h */,
				82F9387F1C4B651800EF19CC /* AppDelegate.m */,
				82F938811C4B651800EF19CC /* ViewController.h */,
				82F938821C4B651800EF19CC /* ViewController.m */,
				82F938841C4B651800EF19CC /* Main.storyboard */,
				82F938871C4B651800EF19CC /* Assets.xcassets */,
				82F938891C4B651800EF19CC /* LaunchScreen.storyboard */,
				82F9388C1C4B651800EF19CC /* Info.plist */,
				82F9387B1C4B651800EF19CC /* Supporting Files */,
			);
			path = TestTextField;
			sourceTree = "<group>";
		};
		82F9387B1C4B651800EF19CC /* Supporting Files */ = {
			isa = PBXGroup;
			children = (
				82F9387C1C4B651800EF19CC /* main.m */,
			);
			name = "Supporting Files";
			sourceTree = "<group>";
		};
		82F938941C4B651800EF19CC /* TestTextFieldTests */ = {
			isa = PBXGroup;
			children = (
				82F938951C4B651800EF19CC /* TestTextFieldTests.m */,
				82F938971C4B651800EF19CC /* Info.plist */,
			);
			path = TestTextFieldTests;
			sourceTree = "<group>";
		};
		82F9389F1C4B651800EF19CC /* TestTextFieldUITests */ = {
			isa = PBXGroup;
			children = (
				82F938A01C4B651800EF19CC /* TestTextFieldUITests.m */,
				82F938A21C4B651800EF19CC /* Info.plist */,
			);
			path = TestTextFieldUITests;
			sourceTree = "<group>";
		};
/* End PBXGroup section */

/* Begin PBXNativeTarget section */
		82F938771C4B651800EF19CC /* TestTextField */ = {
			isa = PBXNativeTarget;
			buildConfigurationList = 82F938A51C4B651900EF19CC /* Build configuration list for PBXNativeTarget "TestTextField" */;
			buildPhases = (
				82F938741C4B651800EF19CC /* Sources */,
				82F938751C4B651800EF19CC /* Frameworks */,
				82F938761C4B651800EF19CC /* Resources */,
			);
			buildRules = (
			);
			dependencies = (
			);
			name = TestTextField;
			productName = TestTextField;
			productReference = 82F938781C4B651800EF19CC /* TestTextField.app */;
			productType = "com.apple.product-type.application";
		};
		82F938901C4B651800EF19CC /* TestTextFieldTests */ = {
			isa = PBXNativeTarget;
			buildConfigurationList = 82F938A81C4B651900EF19CC /* Build configuration list for PBXNativeTarget "TestTextFieldTests" */;
			buildPhases = (
				82F9388D1C4B651800EF19CC /* Sources */,
				82F9388E1C4B651800EF19CC /* Frameworks */,
				82F9388F1C4B651800EF19CC /* Resources */,
			);
			buildRules = (
			);
			dependencies = (
				82F938931C4B651800EF19CC /* PBXTargetDependency */,
			);
			name = TestTextFieldTests;
			productName = TestTextFieldTests;
			productReference = 82F938911C4B651800EF19CC /* TestTextFieldTests.xctest */;
			productType = "com.apple.product-type.bundle.unit-test";
		};
		82F9389B1C4B651800EF19CC /* TestTextFieldUITests */ = {
			isa = PBXNativeTarget;
			buildConfigurationList = 82F938AB1C4B651900EF19CC /* Build configuration list for PBXNativeTarget "TestTextFieldUITests" */;
			buildPhases = (
				82F938981C4B651800EF19CC /* Sources */,
				82F938991C4B651800EF19CC /* Frameworks */,
				82F9389A1C4B651800EF19CC /* Resources */,
			);
			buildRules = (
			);
			dependencies = (
				82F9389E1C4B651800EF19CC /* PBXTargetDependency */,
			);
			name = TestTextFieldUITests;
			productName = TestTextFieldUITests;
			productReference = 82F9389C1C4B651800EF19CC /* TestTextFieldUITests.xctest */;
			productType = "com.apple.product-type.bundle.ui-testing";
		};
/* End PBXNativeTarget section */

/* Begin PBXProject section */
		82F938701C4B651800EF19CC /* Project object */ = {
			isa = PBXProject;
			attributes = {
				LastUpgradeCheck = 0720;
				ORGANIZATIONNAME = AIogle;
				TargetAttributes = {
					82F938771C4B651800EF19CC = {
						CreatedOnToolsVersion = 7.2;
						DevelopmentTeam = 9965EP5VAL;
					};
					82F938901C4B651800EF19CC = {
						CreatedOnToolsVersion = 7.2;
						DevelopmentTeam = 9965EP5VAL;
						TestTargetID = 82F938771C4B651800EF19CC;
					};
					82F9389B1C4B651800EF19CC = {
						CreatedOnToolsVersion = 7.2;
						DevelopmentTeam = 9965EP5VAL;
						TestTargetID = 82F938771C4B651800EF19CC;
					};
				};
			};
			buildConfigurationList = 82F938731C4B651800EF19CC /* Build configuration list for PBXProject "TestTextField" */;
			compatibilityVersion = "Xcode 3.2";
			developmentRegion = English;
			hasScannedForEncodings = 0;
			knownRegions = (
				en,
				Base,
			);
			mainGroup = 82F9386F1C4B651800EF19CC;
			productRefGroup = 82F938791C4B651800EF19CC /* Products */;
			projectDirPath = "";
			projectRoot = "";
			targets = (
				82F938771C4B651800EF19CC /* TestTextField */,
				82F938901C4B651800EF19CC /* TestTextFieldTests */,
				82F9389B1C4B651800EF19CC /* TestTextFieldUITests */,
			);
		};
/* End PBXProject section */

/* Begin PBXResourcesBuildPhase section */
		82F938761C4B651800EF19CC /* Resources */ = {
			isa = PBXResourcesBuildPhase;
			buildActionMask = 2147483647;
			files = (
				82F9388B1C4B651800EF19CC /* LaunchScreen.storyboard in Resources */,
				82F938881C4B651800EF19CC /* Assets.xcassets in Resources */,
				82F938861C4B651800EF19CC /* Main.storyboard in Resources */,
			);
			runOnlyForDeploymentPostprocessing = 0;
		};
		82F9388F1C4B651800EF19CC /* Resources */ = {
			isa = PBXResourcesBuildPhase;
			buildActionMask = 2147483647;
			files = (
			);
			runOnlyForDeploymentPostprocessing = 0;
		};
		82F9389A1C4B651800EF19CC /* Resources */ = {
			isa = PBXResourcesBuildPhase;
			buildActionMask = 2147483647;
			files = (
			);
			runOnlyForDeploymentPostprocessing = 0;
		};
/* End PBXResourcesBuildPhase section */

/* Begin PBXSourcesBuildPhase section */
		82F938741C4B651800EF19CC /* Sources */ = {
			isa = PBXSourcesBuildPhase;
			buildActionMask = 2147483647;
			files = (
				82F938831C4B651800EF19CC /* ViewController.m in Sources */,
				82F938801C4B651800EF19CC /* AppDelegate.m in Sources */,
				82F9387D1C4B651800EF19CC /* main.m in Sources */,
			);
			runOnlyForDeploymentPostprocessing = 0;
		};
		82F9388D1C4B651800EF19CC /* Sources */ = {
			isa = PBXSourcesBuildPhase;
			buildActionMask = 2147483647;
			files = (
				82F938961C4B651800EF19CC /* TestTextFieldTests.m in Sources */,
			);
			runOnlyForDeploymentPostprocessing = 0;
		};
		82F938981C4B651800EF19CC /* Sources */ = {
			isa = PBXSourcesBuildPhase;
			buildActionMask = 2147483647;
			files = (
				82F938A11C4B651800EF19CC /* TestTextFieldUITests.m in Sources */,
			);
			runOnlyForDeploymentPostprocessing = 0;
		};
/* End PBXSourcesBuildPhase section */

/* Begin PBXTargetDependency section */
		82F938931C4B651800EF19CC /* PBXTargetDependency */ = {
			isa = PBXTargetDependency;
			target = 82F938771C4B651800EF19CC /* TestTextField */;
			targetProxy = 82F938921C4B651800EF19CC /* PBXContainerItemProxy */;
		};
		82F9389E1C4B651800EF19CC /* PBXTargetDependency */ = {
			isa = PBXTargetDependency;
			target = 82F938771C4B651800EF19CC /* TestTextField */;
			targetProxy = 82F9389D1C4B651800EF19CC /* PBXContainerItemProxy */;
		};
/* End PBXTargetDependency section */

/* Begin PBXVariantGroup section */
		82F938841C4B651800EF19CC /* Main.storyboard */ = {
			isa = PBXVariantGroup;
			children = (
				82F938851C4B651800EF19CC /* Base */,
			);
			name = Main.storyboard;
			sourceTree = "<group>";
		};
		82F938891C4B651800EF19CC /* LaunchScreen.storyboard */ = {
			isa = PBXVariantGroup;
			children = (
				82F9388A1C4B651800EF19CC /* Base */,
			);
			name = LaunchScreen.storyboard;
			sourceTree = "<group>";
		};
/* End PBXVariantGroup section */

/* Begin XCBuildConfiguration section */
		82F938A31C4B651900EF19CC /* Debug */ = {
			isa = XCBuildConfiguration;
			buildSettings = {
				ALWAYS_SEARCH_USER_PATHS = NO;
				CLANG_CXX_LANGUAGE_STANDARD = "gnu++0x";
				CLANG_CXX_LIBRARY = "libc++";
				CLANG_ENABLE_MODULES = YES;
				CLANG_ENABLE_OBJC_ARC = YES;
				CLANG_WARN_BOOL_CONVERSION = YES;
				CLANG_WARN_CONSTANT_CONVERSION = YES;
				CLANG_WARN_DIRECT_OBJC_ISA_USAGE = YES_ERROR;
				CLANG_WARN_EMPTY_BODY = YES;
				CLANG_WARN_ENUM_CONVERSION = YES;
				CLANG_WARN_INT_CONVERSION = YES;
				CLANG_WARN_OBJC_ROOT_CLASS = YES_ERROR;
				CLANG_WARN_UNREACHABLE_CODE = YES;
				CLANG_WARN__DUPLICATE_METHOD_MATCH = YES;
				"CODE_SIGN_IDENTITY[sdk=iphoneos*]" = "iPhone Developer";
				COPY_PHASE_STRIP = NO;
				DEBUG_INFORMATION_FORMAT = dwarf;
				ENABLE_STRICT_OBJC_MSGSEND = YES;
				ENABLE_TESTABILITY = YES;
				GCC_C_LANGUAGE_STANDARD = gnu99;
				GCC_DYNAMIC_NO_PIC = NO;
				GCC_NO_COMMON_BLOCKS = YES;
				GCC_OPTIMIZATION_LEVEL = 0;
				GCC_PREPROCESSOR_DEFINITIONS = (
					"DEBUG=1",
					"$(inherited)",
				);
				GCC_WARN_64_TO_32_BIT_CONVERSION = YES;
				GCC_WARN_ABOUT_RETURN_TYPE = YES_ERROR;
				GCC_WARN_UNDECLARED_SELECTOR = YES;
				GCC_WARN_UNINITIALIZED_AUTOS = YES_AGGRESSIVE;
				GCC_WARN_UNUSED_FUNCTION = YES;
				GCC_WARN_UNUSED_VARIABLE = YES;
				IPHONEOS_DEPLOYMENT_TARGET = 9.2;
				MTL_ENABLE_DEBUG_INFO = YES;
				ONLY_ACTIVE_ARCH = YES;
				SDKROOT = iphoneos;
			};
			name = Debug;
		};
		82F938A41C4B651900EF19CC /* Release */ = {
			isa = XCBuildConfiguration;
			buildSettings = {
				ALWAYS_SEARCH_USER_PATHS = NO;
				CLANG_CXX_LANGUAGE_STANDARD = "gnu++0x";
				CLANG_CXX_LIBRARY = "libc++";
				CLANG_ENABLE_MODULES = YES;
				CLANG_ENABLE_OBJC_ARC = YES;
				CLANG_WARN_BOOL_CONVERSION = YES;
				CLANG_WARN_CONSTANT_CONVERSION = YES;
				CLANG_WARN_DIRECT_OBJC_ISA_USAGE = YES_ERROR;
				CLANG_WARN_EMPTY_BODY = YES;
				CLANG_WARN_ENUM_CONVERSION = YES;
				CLANG_WARN_INT_CONVERSION = YES;
				CLANG_WARN_OBJC_ROOT_CLASS = YES_ERROR;
				CLANG_WARN_UNREACHABLE_CODE = YES;
				CLANG_WARN__DUPLICATE_METHOD_MATCH = YES;
				"CODE_SIGN_IDENTITY[sdk=iphoneos*]" = "iPhone Developer";
				COPY_PHASE_STRIP = NO;
				DEBUG_INFORMATION_FORMAT = "dwarf-with-dsym";
				ENABLE_NS_ASSERTIONS = NO;
				ENABLE_STRICT_OBJC_MSGSEND = YES;
				GCC_C_LANGUAGE_STANDARD = gnu99;
				GCC_NO_COMMON_BLOCKS = YES;
				GCC_WARN_64_TO_32_BIT_CONVERSION = YES;
				GCC_WARN_ABOUT_RETURN_TYPE = YES_ERROR;
				GCC_WARN_UNDECLARED_SELECTOR = YES;
				GCC_WARN_UNINITIALIZED_AUTOS = YES_AGGRESSIVE;
				GCC_WARN_UNUSED_FUNCTION = YES;
				GCC_WARN_UNUSED_VARIABLE = YES;
				IPHONEOS_DEPLOYMENT_TARGET = 9.2;
				MTL_ENABLE_DEBUG_INFO = NO;
				SDKROOT = iphoneos;
				VALIDATE_PRODUCT = YES;
			};
			name = Release;
		};
		82F938A61C4B651900EF19CC /* Debug */ = {
			isa = XCBuildConfiguration;
			buildSettings = {
				ASSETCATALOG_COMPILER_APPICON_NAME = AppIcon;
				INFOPLIST_FILE = TestTextField/Info.plist;
				LD_RUNPATH_SEARCH_PATHS = "$(inherited) @executable_path/Frameworks";
				PRODUCT_BUNDLE_IDENTIFIER = com.itacs.iOS.TestTextField;
				PRODUCT_NAME = "$(TARGET_NAME)";
			};
			name = Debug;
		};
		82F938A71C4B651900EF19CC /* Release */ = {
			isa = XCBuildConfiguration;
			buildSettings = {
				ASSETCATALOG_COMPILER_APPICON_NAME = AppIcon;
				INFOPLIST_FILE = TestTextField/Info.plist;
				LD_RUNPATH_SEARCH_PATHS = "$(inherited) @executable_path/Frameworks";
				PRODUCT_BUNDLE_IDENTIFIER = com.itacs.iOS.TestTextField;
				PRODUCT_NAME = "$(TARGET_NAME)";
			};
			name = Release;
		};
		82F938A91C4B651900EF19CC /* Debug */ = {
			isa = XCBuildConfiguration;
			buildSettings = {
				BUNDLE_LOADER = "$(TEST_HOST)";
				INFOPLIST_FILE = TestTextFieldTests/Info.plist;
				LD_RUNPATH_SEARCH_PATHS = "$(inherited) @executable_path/Frameworks @loader_path/Frameworks";
				PRODUCT_BUNDLE_IDENTIFIER = com.itacs.iOS.TestTextFieldTests;
				PRODUCT_NAME = "$(TARGET_NAME)";
				TEST_HOST = "$(BUILT_PRODUCTS_DIR)/TestTextField.app/TestTextField";
			};
			name = Debug;
		};
		82F938AA1C4B651900EF19CC /* Release */ = {
			isa = XCBuildConfiguration;
			buildSettings = {
				BUNDLE_LOADER = "$(TEST_HOST)";
				INFOPLIST_FILE = TestTextFieldTests/Info.plist;
				LD_RUNPATH_SEARCH_PATHS = "$(inherited) @executable_path/Frameworks @loader_path/Frameworks";
				PRODUCT_BUNDLE_IDENTIFIER = com.itacs.iOS.TestTextFieldTests;
				PRODUCT_NAME = "$(TARGET_NAME)";
				TEST_HOST = "$(BUILT_PRODUCTS_DIR)/TestTextField.app/TestTextField";
			};
			name = Release;
		};
		82F938AC1C4B651900EF19CC /* Debug */ = {
			isa = XCBuildConfiguration;
			buildSettings = {
				INFOPLIST_FILE = TestTextFieldUITests/Info.plist;
				LD_RUNPATH_SEARCH_PATHS = "$(inherited) @executable_path/Frameworks @loader_path/Frameworks";
				PRODUCT_BUNDLE_IDENTIFIER = com.itacs.iOS.TestTextFieldUITests;
				PRODUCT_NAME = "$(TARGET_NAME)";
				TEST_TARGET_NAME = TestTextField;
				USES_XCTRUNNER = YES;
			};
			name = Debug;
		};
		82F938AD1C4B651900EF19CC /* Release */ = {
			isa = XCBuildConfiguration;
			buildSettings = {
				INFOPLIST_FILE = TestTextFieldUITests/Info.plist;
				LD_RUNPATH_SEARCH_PATHS = "$(inherited) @executable_path/Frameworks @loader_path/Frameworks";
				PRODUCT_BUNDLE_IDENTIFIER = com.itacs.iOS.TestTextFieldUITests;
				PRODUCT_NAME = "$(TARGET_NAME)";
				TEST_TARGET_NAME = TestTextField;
				USES_XCTRUNNER = YES;
			};
			name = Release;
		};
/* End XCBuildConfiguration section */

/* Begin XCConfigurationList section */
		82F938731C4B651800EF19CC /* Build configuration list for PBXProject "TestTextField" */ = {
			isa = XCConfigurationList;
			buildConfigurations = (
				82F938A31C4B651900EF19CC /* Debug */,
				82F938A41C4B651900EF19CC /* Release */,
			);
			defaultConfigurationIsVisible = 0;
			defaultConfigurationName = Release;
		};
		82F938A51C4B651900EF19CC /* Build configuration list for PBXNativeTarget "TestTextField" */ = {
			isa = XCConfigurationList;
			buildConfigurations = (
				82F938A61C4B651900EF19CC /* Debug */,
				82F938A71C4B651900EF19CC /* Release */,
			);
			defaultConfigurationIsVisible = 0;
		};
		82F938A81C4B651900EF19CC /* Build configuration list for PBXNativeTarget "TestTextFieldTests" */ = {
			isa = XCConfigurationList;
			buildConfigurations = (
				82F938A91C4B651900EF19CC /* Debug */,
				82F938AA1C4B651900EF19CC /* Release */,
			);
			defaultConfigurationIsVisible = 0;
		};
		82F938AB1C4B651900EF19CC /* Build configuration list for PBXNativeTarget "TestTextFieldUITests" */ = {
			isa = XCConfigurationList;
			buildConfigurations = (
				82F938AC1C4B651900EF19CC /* Debug */,
				82F938AD1C4B651900EF19CC /* Release */,
			);
			defaultConfigurationIsVisible = 0;
		};
/* End XCConfigurationList section */
	};
	rootObject = 82F938701C4B651800EF19CC /* Project object */;
}
