// !$*UTF8*$!
{
	archiveVersion = 1;
	classes = {
	};
	objectVersion = 46;
	objects = {

/* Begin PBXBuildFile section */
		822580A91C25C3E000D3ED6A /* ok.png in Resources */ = {isa = PBXBuildFile; fileRef = 822580A41C25C3E000D3ED6A /* ok.png */; };
		822580AA1C25C3E000D3ED6A /* delete.ico in Resources */ = {isa = PBXBuildFile; fileRef = 822580A51C25C3E000D3ED6A /* delete.ico */; };
		822580AB1C25C3E000D3ED6A /* deleteRed.ico in Resources */ = {isa = PBXBuildFile; fileRef = 822580A61C25C3E000D3ED6A /* deleteRed.ico */; };
		822580AC1C25C3E000D3ED6A /* cancel.png in Resources */ = {isa = PBXBuildFile; fileRef = 822580A71C25C3E000D3ED6A /* cancel.png */; };
		822580AD1C25C3E000D3ED6A /* okBlue.png in Resources */ = {isa = PBXBuildFile; fileRef = 822580A81C25C3E000D3ED6A /* okBlue.png */; };
		8256C0A11C1ABC6F008E72B1 /* CNFirstEmailViewController.m in Sources */ = {isa = PBXBuildFile; fileRef = 8256C0941C1ABC6F008E72B1 /* CNFirstEmailViewController.m */; settings = {COMPILER_FLAGS = "-fobjc-arc"; }; };
		8256C0A21C1ABC6F008E72B1 /* CNFirstEmailViewController.xib in Resources */ = {isa = PBXBuildFile; fileRef = 8256C0951C1ABC6F008E72B1 /* CNFirstEmailViewController.xib */; };
		8256C0A31C1ABC6F008E72B1 /* CNSecondEmailViewController.m in Sources */ = {isa = PBXBuildFile; fileRef = 8256C0971C1ABC6F008E72B1 /* CNSecondEmailViewController.m */; settings = {COMPILER_FLAGS = "-fobjc-arc"; }; };
		8256C0A41C1ABC6F008E72B1 /* CNSecondEmailViewController.xib in Resources */ = {isa = PBXBuildFile; fileRef = 8256C0981C1ABC6F008E72B1 /* CNSecondEmailViewController.xib */; };
		8256C0A71C1ABC6F008E72B1 /* JRSegmentControl.m in Sources */ = {isa = PBXBuildFile; fileRef = 8256C09E1C1ABC6F008E72B1 /* JRSegmentControl.m */; settings = {COMPILER_FLAGS = "-fobjc-arc"; }; };
		8256C0A81C1ABC6F008E72B1 /* JRSegmentViewController.m in Sources */ = {isa = PBXBuildFile; fileRef = 8256C0A01C1ABC6F008E72B1 /* JRSegmentViewController.m */; settings = {COMPILER_FLAGS = "-fobjc-arc"; }; };
		8256C0AE1C1AC5DB008E72B1 /* CNFirestLinkViewController.m in Sources */ = {isa = PBXBuildFile; fileRef = 8256C0AC1C1AC5DB008E72B1 /* CNFirestLinkViewController.m */; settings = {COMPILER_FLAGS = "-fobjc-arc"; }; };
		8256C0AF1C1AC5DB008E72B1 /* CNFirestLinkViewController.xib in Resources */ = {isa = PBXBuildFile; fileRef = 8256C0AD1C1AC5DB008E72B1 /* CNFirestLinkViewController.xib */; };
		8256C0B31C1AC5F3008E72B1 /* CNSecondLinkViewController.m in Sources */ = {isa = PBXBuildFile; fileRef = 8256C0B11C1AC5F3008E72B1 /* CNSecondLinkViewController.m */; settings = {COMPILER_FLAGS = "-fobjc-arc"; }; };
		8256C0B41C1AC5F3008E72B1 /* CNSecondLinkViewController.xib in Resources */ = {isa = PBXBuildFile; fileRef = 8256C0B21C1AC5F3008E72B1 /* CNSecondLinkViewController.xib */; };
		82AC27441C1B226B00C59F3E /* friends.plist in Resources */ = {isa = PBXBuildFile; fileRef = 82AC27431C1B226B00C59F3E /* friends.plist */; };
		82AC27491C1C839E00C59F3E /* CNFriend.m in Sources */ = {isa = PBXBuildFile; fileRef = 82AC27461C1C839E00C59F3E /* CNFriend.m */; };
		82AC274A1C1C839E00C59F3E /* CNGroup.m in Sources */ = {isa = PBXBuildFile; fileRef = 82AC27481C1C839E00C59F3E /* CNGroup.m */; };
		82AC27501C1C843C00C59F3E /* CNFrindCell.m in Sources */ = {isa = PBXBuildFile; fileRef = 82AC274D1C1C843C00C59F3E /* CNFrindCell.m */; settings = {COMPILER_FLAGS = "-fobjc-arc"; }; };
		82AC27511C1C843C00C59F3E /* CNGoupHeaderView.m in Sources */ = {isa = PBXBuildFile; fileRef = 82AC274F1C1C843C00C59F3E /* CNGoupHeaderView.m */; settings = {COMPILER_FLAGS = "-fobjc-arc"; }; };
		82AC27541C1C905200C59F3E /* CNMessage.m in Sources */ = {isa = PBXBuildFile; fileRef = 82AC27531C1C905200C59F3E /* CNMessage.m */; settings = {COMPILER_FLAGS = "-fobjc-arc"; }; };
		82AC275A1C1C907400C59F3E /* CNMessageFrame.m in Sources */ = {isa = PBXBuildFile; fileRef = 82AC27591C1C907400C59F3E /* CNMessageFrame.m */; settings = {COMPILER_FLAGS = "-fobjc-arc"; }; };
		82AC275D1C1C908A00C59F3E /* NSString+CNNSStringExt.m in Sources */ = {isa = PBXBuildFile; fileRef = 82AC275C1C1C908A00C59F3E /* NSString+CNNSStringExt.m */; };
		82AC27641C1C914200C59F3E /* CNMessageViewController.m in Sources */ = {isa = PBXBuildFile; fileRef = 82AC27621C1C914200C59F3E /* CNMessageViewController.m */; settings = {COMPILER_FLAGS = "-fobjc-arc"; }; };
		82AC27651C1C914200C59F3E /* CNMessageViewController.xib in Resources */ = {isa = PBXBuildFile; fileRef = 82AC27631C1C914200C59F3E /* CNMessageViewController.xib */; };
		82AC27671C1C946700C59F3E /* messages.plist in Resources */ = {isa = PBXBuildFile; fileRef = 82AC27661C1C946700C59F3E /* messages.plist */; };
		82BCEEE51C2132B800FFAD11 /* CNFlowViewController.m in Sources */ = {isa = PBXBuildFile; fileRef = 82BCEEE41C2132B800FFAD11 /* CNFlowViewController.m */; settings = {COMPILER_FLAGS = "-fobjc-arc"; }; };
		82DB776F1C258DA10034C44E /* CNUserInfo.m in Sources */ = {isa = PBXBuildFile; fileRef = 82DB776E1C258DA10034C44E /* CNUserInfo.m */; };
		82DB77711C258DE10034C44E /* userinfo.plist in Resources */ = {isa = PBXBuildFile; fileRef = 82DB77701C258DE10034C44E /* userinfo.plist */; };
		82DB77761C25A5390034C44E /* MessageViewController.m in Sources */ = {isa = PBXBuildFile; fileRef = 82DB77741C25A5390034C44E /* MessageViewController.m */; settings = {COMPILER_FLAGS = "-fobjc-arc"; }; };
		82DB77771C25A5390034C44E /* MessageViewController.xib in Resources */ = {isa = PBXBuildFile; fileRef = 82DB77751C25A5390034C44E /* MessageViewController.xib */; };
		82DB777B1C25A5490034C44E /* OneViewController.m in Sources */ = {isa = PBXBuildFile; fileRef = 82DB77791C25A5490034C44E /* OneViewController.m */; };
		82DB777C1C25A5490034C44E /* OneViewController.xib in Resources */ = {isa = PBXBuildFile; fileRef = 82DB777A1C25A5490034C44E /* OneViewController.xib */; };
		82DB77831C25A5530034C44E /* ThreeViewController.m in Sources */ = {isa = PBXBuildFile; fileRef = 82DB777E1C25A5530034C44E /* ThreeViewController.m */; };
		82DB77841C25A5530034C44E /* ThreeViewController.xib in Resources */ = {isa = PBXBuildFile; fileRef = 82DB777F1C25A5530034C44E /* ThreeViewController.xib */; };
		82DB77851C25A5530034C44E /* TwoViewController.m in Sources */ = {isa = PBXBuildFile; fileRef = 82DB77811C25A5530034C44E /* TwoViewController.m */; };
		82DB77861C25A5530034C44E /* TwoViewController.xib in Resources */ = {isa = PBXBuildFile; fileRef = 82DB77821C25A5530034C44E /* TwoViewController.xib */; };
		82DB77901C25A5990034C44E /* goodsHot@2x.png in Resources */ = {isa = PBXBuildFile; fileRef = 82DB77881C25A5990034C44E /* goodsHot@2x.png */; };
		82DB77911C25A5990034C44E /* goodsHot_d@2x.png in Resources */ = {isa = PBXBuildFile; fileRef = 82DB77891C25A5990034C44E /* goodsHot_d@2x.png */; };
		82DB77921C25A5990034C44E /* goodsHSeperator@2x.png in Resources */ = {isa = PBXBuildFile; fileRef = 82DB778A1C25A5990034C44E /* goodsHSeperator@2x.png */; };
		82DB77931C25A5990034C44E /* goodsNew@2x.png in Resources */ = {isa = PBXBuildFile; fileRef = 82DB778B1C25A5990034C44E /* goodsNew@2x.png */; };
		82DB77941C25A5990034C44E /* goodsNew_d@2x.png in Resources */ = {isa = PBXBuildFile; fileRef = 82DB778C1C25A5990034C44E /* goodsNew_d@2x.png */; };
		82DB77951C25A5990034C44E /* goodsPrice@2x.png in Resources */ = {isa = PBXBuildFile; fileRef = 82DB778D1C25A5990034C44E /* goodsPrice@2x.png */; };
		82DB77961C25A5990034C44E /* goodsPrice_d@2x.png in Resources */ = {isa = PBXBuildFile; fileRef = 82DB778E1C25A5990034C44E /* goodsPrice_d@2x.png */; };
		82DB77971C25A5990034C44E /* tabbarBk@2x.png in Resources */ = {isa = PBXBuildFile; fileRef = 82DB778F1C25A5990034C44E /* tabbarBk@2x.png */; };
		82DB77AB1C25A6780034C44E /* DLLRUCache.m in Sources */ = {isa = PBXBuildFile; fileRef = 82DB779C1C25A6780034C44E /* DLLRUCache.m */; settings = {COMPILER_FLAGS = "-fobjc-arc"; }; };
		82DB77AC1C25A6780034C44E /* DLCustomSlideView.m in Sources */ = {isa = PBXBuildFile; fileRef = 82DB779E1C25A6780034C44E /* DLCustomSlideView.m */; settings = {COMPILER_FLAGS = "-fobjc-arc"; }; };
		82DB77AD1C25A6780034C44E /* DLSlideView.m in Sources */ = {isa = PBXBuildFile; fileRef = 82DB77A01C25A6780034C44E /* DLSlideView.m */; settings = {COMPILER_FLAGS = "-fobjc-arc"; }; };
		82DB77AE1C25A6780034C44E /* DLFixedTabbarView.m in Sources */ = {isa = PBXBuildFile; fileRef = 82DB77A31C25A6780034C44E /* DLFixedTabbarView.m */; settings = {COMPILER_FLAGS = "-fobjc-arc"; }; };
		82DB77AF1C25A6780034C44E /* DLScrollTabbarView.m in Sources */ = {isa = PBXBuildFile; fileRef = 82DB77A51C25A6780034C44E /* DLScrollTabbarView.m */; settings = {COMPILER_FLAGS = "-fobjc-arc"; }; };
		82DB77B01C25A6780034C44E /* DLTabedSlideView.m in Sources */ = {isa = PBXBuildFile; fileRef = 82DB77A81C25A6780034C44E /* DLTabedSlideView.m */; settings = {COMPILER_FLAGS = "-fobjc-arc"; }; };
		82DB77B11C25A6780034C44E /* DLUtility.m in Sources */ = {isa = PBXBuildFile; fileRef = 82DB77AA1C25A6780034C44E /* DLUtility.m */; };
		82DB77BC1C25AE350034C44E /* CNMessageCell.m in Sources */ = {isa = PBXBuildFile; fileRef = 82DB77BB1C25AE350034C44E /* CNMessageCell.m */; settings = {COMPILER_FLAGS = "-fobjc-arc"; }; };
		82DB77C01C25AE880034C44E /* CNTaskCell.m in Sources */ = {isa = PBXBuildFile; fileRef = 82DB77BE1C25AE880034C44E /* CNTaskCell.m */; };
		82DB77C11C25AE880034C44E /* CNTaskCell.xib in Resources */ = {isa = PBXBuildFile; fileRef = 82DB77BF1C25AE880034C44E /* CNTaskCell.xib */; };
		82DBF1121C1D967D00FE303E /* FriendLink.plist in Resources */ = {isa = PBXBuildFile; fileRef = 82DBF1111C1D967D00FE303E /* FriendLink.plist */; };
		82DBF1161C1D991C00FE303E /* CNLinkFriend.m in Sources */ = {isa = PBXBuildFile; fileRef = 82DBF1151C1D991C00FE303E /* CNLinkFriend.m */; settings = {COMPILER_FLAGS = "-fobjc-arc"; }; };
		82DBF12D1C1E799F00FE303E /* AVFoundation.framework in Frameworks */ = {isa = PBXBuildFile; fileRef = 82DBF12C1C1E799F00FE303E /* AVFoundation.framework */; };
		82DBF12F1C1E79A900FE303E /* CoreGraphics.framework in Frameworks */ = {isa = PBXBuildFile; fileRef = 82DBF12E1C1E79A900FE303E /* CoreGraphics.framework */; };
		82DBF1311C1E79B400FE303E /* UIKit.framework in Frameworks */ = {isa = PBXBuildFile; fileRef = 82DBF1301C1E79B400FE303E /* UIKit.framework */; };
		82DBF1331C1E79BC00FE303E /* Foundation.framework in Frameworks */ = {isa = PBXBuildFile; fileRef = 82DBF1321C1E79BC00FE303E /* Foundation.framework */; };
		82DBF1341C1E79CE00FE303E /* UIKit.framework in Frameworks */ = {isa = PBXBuildFile; fileRef = 82DBF1301C1E79B400FE303E /* UIKit.framework */; };
		82DBF1351C1E79E000FE303E /* Foundation.framework in Frameworks */ = {isa = PBXBuildFile; fileRef = 82DBF1321C1E79BC00FE303E /* Foundation.framework */; };
		82DBF1421C20155800FE303E /* FlipDetailViewController.m in Sources */ = {isa = PBXBuildFile; fileRef = 82DBF13B1C20155800FE303E /* FlipDetailViewController.m */; };
		82DBF1431C20155800FE303E /* FlipDetailViewController.xib in Resources */ = {isa = PBXBuildFile; fileRef = 82DBF13C1C20155800FE303E /* FlipDetailViewController.xib */; };
		82DBF1441C20155800FE303E /* FlipScrollView.m in Sources */ = {isa = PBXBuildFile; fileRef = 82DBF13E1C20155800FE303E /* FlipScrollView.m */; };
		82DBF1451C20155800FE303E /* FlipViewController.m in Sources */ = {isa = PBXBuildFile; fileRef = 82DBF1401C20155800FE303E /* FlipViewController.m */; };
		82DBF1461C20155800FE303E /* FlipViewController.xib in Resources */ = {isa = PBXBuildFile; fileRef = 82DBF1411C20155800FE303E /* FlipViewController.xib */; };
		82DBF1491C20158300FE303E /* UIView+Screenshot.m in Sources */ = {isa = PBXBuildFile; fileRef = 82DBF1481C20158300FE303E /* UIView+Screenshot.m */; };
		82DBF14F1C2015B100FE303E /* AddNewNoteViewController.m in Sources */ = {isa = PBXBuildFile; fileRef = 82DBF14B1C2015B100FE303E /* AddNewNoteViewController.m */; };
		82DBF1501C2015B100FE303E /* AddNewNoteViewController.xib in Resources */ = {isa = PBXBuildFile; fileRef = 82DBF14C1C2015B100FE303E /* AddNewNoteViewController.xib */; };
		82DBF1511C2015B100FE303E /* InScrollViewLayer.m in Sources */ = {isa = PBXBuildFile; fileRef = 82DBF14E1C2015B100FE303E /* InScrollViewLayer.m */; };
		82DBF1591C2024DE00FE303E /* notepad.png in Resources */ = {isa = PBXBuildFile; fileRef = 82DBF1581C2024DE00FE303E /* notepad.png */; };
		82DBF15C1C2035C200FE303E /* UIImage+UIImage_Scale.m in Sources */ = {isa = PBXBuildFile; fileRef = 82DBF15B1C2035C200FE303E /* UIImage+UIImage_Scale.m */; };
		82E0B7911C191B2800AF5316 /* main.m in Sources */ = {isa = PBXBuildFile; fileRef = 82E0B7901C191B2800AF5316 /* main.m */; };
		82E0B7941C191B2800AF5316 /* AppDelegate.m in Sources */ = {isa = PBXBuildFile; fileRef = 82E0B7931C191B2800AF5316 /* AppDelegate.m */; };
		82E0B7971C191B2800AF5316 /* MainViewController.m in Sources */ = {isa = PBXBuildFile; fileRef = 82E0B7961C191B2800AF5316 /* MainViewController.m */; settings = {COMPILER_FLAGS = "-fobjc-arc"; }; };
		82E0B79A1C191B2800AF5316 /* Main.storyboard in Resources */ = {isa = PBXBuildFile; fileRef = 82E0B7981C191B2800AF5316 /* Main.storyboard */; };
		82E0B79C1C191B2800AF5316 /* Assets.xcassets in Resources */ = {isa = PBXBuildFile; fileRef = 82E0B79B1C191B2800AF5316 /* Assets.xcassets */; };
		82E0B79F1C191B2800AF5316 /* LaunchScreen.storyboard in Resources */ = {isa = PBXBuildFile; fileRef = 82E0B79D1C191B2800AF5316 /* LaunchScreen.storyboard */; };
		82E0B7AA1C191B2800AF5316 /* OA______Tests.m in Sources */ = {isa = PBXBuildFile; fileRef = 82E0B7A91C191B2800AF5316 /* OA______Tests.m */; };
		82E0B7B51C191B2800AF5316 /* OA______UITests.m in Sources */ = {isa = PBXBuildFile; fileRef = 82E0B7B41C191B2800AF5316 /* OA______UITests.m */; };
		82E0B7CB1C191CA000AF5316 /* CNBaseNavigationController.m in Sources */ = {isa = PBXBuildFile; fileRef = 82E0B7CA1C191CA000AF5316 /* CNBaseNavigationController.m */; settings = {COMPILER_FLAGS = "-fobjc-arc"; }; };
		82E0B7CE1C19A37500AF5316 /* CNBaseViewController.m in Sources */ = {isa = PBXBuildFile; fileRef = 82E0B7CD1C19A37500AF5316 /* CNBaseViewController.m */; settings = {COMPILER_FLAGS = "-fobjc-arc"; }; };
		82E0B7D41C19B76D00AF5316 /* CNLinkViewController.m in Sources */ = {isa = PBXBuildFile; fileRef = 82E0B7D31C19B76D00AF5316 /* CNLinkViewController.m */; settings = {COMPILER_FLAGS = "-fobjc-arc"; }; };
		82E0B7D71C19B77D00AF5316 /* CNDynaViewController.m in Sources */ = {isa = PBXBuildFile; fileRef = 82E0B7D61C19B77D00AF5316 /* CNDynaViewController.m */; settings = {COMPILER_FLAGS = "-fobjc-arc"; }; };
		82E0B7DA1C19B78C00AF5316 /* CNMoreViewController.m in Sources */ = {isa = PBXBuildFile; fileRef = 82E0B7D91C19B78C00AF5316 /* CNMoreViewController.m */; settings = {COMPILER_FLAGS = "-fobjc-arc"; }; };
		82E0B7DD1C19CC1900AF5316 /* CNTabBarController.m in Sources */ = {isa = PBXBuildFile; fileRef = 82E0B7DC1C19CC1900AF5316 /* CNTabBarController.m */; settings = {COMPILER_FLAGS = "-fobjc-arc"; }; };
		82E0B7E21C19EC4400AF5316 /* HomeApption.plist in Resources */ = {isa = PBXBuildFile; fileRef = 82E0B7E11C19EC4400AF5316 /* HomeApption.plist */; };
		82E53C501C19F00C009DD72D /* HomeApption.m in Sources */ = {isa = PBXBuildFile; fileRef = 82E53C4F1C19F00C009DD72D /* HomeApption.m */; settings = {COMPILER_FLAGS = "-fobjc-arc"; }; };
		82E5A7931C248487009D7C3C /* CNLoginView.m in Sources */ = {isa = PBXBuildFile; fileRef = 82E5A7921C248487009D7C3C /* CNLoginView.m */; settings = {COMPILER_FLAGS = "-fobjc-arc"; }; };
		82E5A7951C24945C009D7C3C /* CNLoginView.xib in Resources */ = {isa = PBXBuildFile; fileRef = 82E5A7941C24945C009D7C3C /* CNLoginView.xib */; };
		82E69B591C24015800F20CCB /* icon_next@2x.png in Resources */ = {isa = PBXBuildFile; fileRef = 82E69B571C24015800F20CCB /* icon_next@2x.png */; };
		82E69B5A1C24015800F20CCB /* icon_previous@2x.png in Resources */ = {isa = PBXBuildFile; fileRef = 82E69B581C24015800F20CCB /* icon_previous@2x.png */; };
		82E69B601C24016600F20CCB /* FDCalendar.m in Sources */ = {isa = PBXBuildFile; fileRef = 82E69B5D1C24016600F20CCB /* FDCalendar.m */; };
		82E69B611C24016600F20CCB /* FDCalendarItem.m in Sources */ = {isa = PBXBuildFile; fileRef = 82E69B5F1C24016600F20CCB /* FDCalendarItem.m */; settings = {COMPILER_FLAGS = "-fobjc-arc"; }; };
		82FCD4011C268155009200E0 /* taskinfo.plist in Resources */ = {isa = PBXBuildFile; fileRef = 82FCD4001C268155009200E0 /* taskinfo.plist */; };
		82FE0E351C21C2D300B36DE4 /* CNMoreViewController.xib in Resources */ = {isa = PBXBuildFile; fileRef = 82FE0E341C21C2D300B36DE4 /* CNMoreViewController.xib */; };
		82FE0E391C21C61D00B36DE4 /* CNFlowCell.m in Sources */ = {isa = PBXBuildFile; fileRef = 82FE0E371C21C61D00B36DE4 /* CNFlowCell.m */; };
		82FE0E3A1C21C61D00B36DE4 /* CNFlowCell.xib in Resources */ = {isa = PBXBuildFile; fileRef = 82FE0E381C21C61D00B36DE4 /* CNFlowCell.xib */; };
		82FE0E3C1C21CA3F00B36DE4 /* flowinfo.plist in Resources */ = {isa = PBXBuildFile; fileRef = 82FE0E3B1C21CA3F00B36DE4 /* flowinfo.plist */; };
		82FE0E401C21CB9E00B36DE4 /* CNFlowInfo.m in Sources */ = {isa = PBXBuildFile; fileRef = 82FE0E3F1C21CB9E00B36DE4 /* CNFlowInfo.m */; };
		82FE0E431C21DCD300B36DE4 /* CNFileOperate.m in Sources */ = {isa = PBXBuildFile; fileRef = 82FE0E421C21DCD300B36DE4 /* CNFileOperate.m */; };
		82FE0E461C22557900B36DE4 /* CNLookFlowViewController.m in Sources */ = {isa = PBXBuildFile; fileRef = 82FE0E451C22557900B36DE4 /* CNLookFlowViewController.m */; };
/* End PBXBuildFile section */

/* Begin PBXContainerItemProxy section */
		82E0B7A61C191B2800AF5316 /* PBXContainerItemProxy */ = {
			isa = PBXContainerItemProxy;
			containerPortal = 82E0B7841C191B2800AF5316 /* Project object */;
			proxyType = 1;
			remoteGlobalIDString = 82E0B78B1C191B2800AF5316;
			remoteInfo = "OA自动办公系统";
		};
		82E0B7B11C191B2800AF5316 /* PBXContainerItemProxy */ = {
			isa = PBXContainerItemProxy;
			containerPortal = 82E0B7841C191B2800AF5316 /* Project object */;
			proxyType = 1;
			remoteGlobalIDString = 82E0B78B1C191B2800AF5316;
			remoteInfo = "OA自动办公系统";
		};
/* End PBXContainerItemProxy section */

/* Begin PBXFileReference section */
		822580A41C25C3E000D3ED6A /* ok.png */ = {isa = PBXFileReference; lastKnownFileType = image.png; path = ok.png; sourceTree = "<group>"; };
		822580A51C25C3E000D3ED6A /* delete.ico */ = {isa = PBXFileReference; lastKnownFileType = image.ico; path = delete.ico; sourceTree = "<group>"; };
		822580A61C25C3E000D3ED6A /* deleteRed.ico */ = {isa = PBXFileReference; lastKnownFileType = image.ico; path = deleteRed.ico; sourceTree = "<group>"; };
		822580A71C25C3E000D3ED6A /* cancel.png */ = {isa = PBXFileReference; lastKnownFileType = image.png; path = cancel.png; sourceTree = "<group>"; };
		822580A81C25C3E000D3ED6A /* okBlue.png */ = {isa = PBXFileReference; lastKnownFileType = image.png; path = okBlue.png; sourceTree = "<group>"; };
		8256C0931C1ABC6F008E72B1 /* CNFirstEmailViewController.h */ = {isa = PBXFileReference; fileEncoding = 4; lastKnownFileType = sourcecode.c.h; path = CNFirstEmailViewController.h; sourceTree = "<group>"; };
		8256C0941C1ABC6F008E72B1 /* CNFirstEmailViewController.m */ = {isa = PBXFileReference; fileEncoding = 4; lastKnownFileType = sourcecode.c.objc; path = CNFirstEmailViewController.m; sourceTree = "<group>"; };
		8256C0951C1ABC6F008E72B1 /* CNFirstEmailViewController.xib */ = {isa = PBXFileReference; fileEncoding = 4; lastKnownFileType = file.xib; path = CNFirstEmailViewController.xib; sourceTree = "<group>"; };
		8256C0961C1ABC6F008E72B1 /* CNSecondEmailViewController.h */ = {isa = PBXFileReference; fileEncoding = 4; lastKnownFileType = sourcecode.c.h; path = CNSecondEmailViewController.h; sourceTree = "<group>"; };
		8256C0971C1ABC6F008E72B1 /* CNSecondEmailViewController.m */ = {isa = PBXFileReference; fileEncoding = 4; lastKnownFileType = sourcecode.c.objc; path = CNSecondEmailViewController.m; sourceTree = "<group>"; };
		8256C0981C1ABC6F008E72B1 /* CNSecondEmailViewController.xib */ = {isa = PBXFileReference; fileEncoding = 4; lastKnownFileType = file.xib; path = CNSecondEmailViewController.xib; sourceTree = "<group>"; };
		8256C09D1C1ABC6F008E72B1 /* JRSegmentControl.h */ = {isa = PBXFileReference; fileEncoding = 4; lastKnownFileType = sourcecode.c.h; path = JRSegmentControl.h; sourceTree = "<group>"; };
		8256C09E1C1ABC6F008E72B1 /* JRSegmentControl.m */ = {isa = PBXFileReference; fileEncoding = 4; lastKnownFileType = sourcecode.c.objc; path = JRSegmentControl.m; sourceTree = "<group>"; };
		8256C09F1C1ABC6F008E72B1 /* JRSegmentViewController.h */ = {isa = PBXFileReference; fileEncoding = 4; lastKnownFileType = sourcecode.c.h; path = JRSegmentViewController.h; sourceTree = "<group>"; };
		8256C0A01C1ABC6F008E72B1 /* JRSegmentViewController.m */ = {isa = PBXFileReference; fileEncoding = 4; lastKnownFileType = sourcecode.c.objc; path = JRSegmentViewController.m; sourceTree = "<group>"; };
		8256C0AB1C1AC5DB008E72B1 /* CNFirestLinkViewController.h */ = {isa = PBXFileReference; fileEncoding = 4; lastKnownFileType = sourcecode.c.h; path = CNFirestLinkViewController.h; sourceTree = "<group>"; };
		8256C0AC1C1AC5DB008E72B1 /* CNFirestLinkViewController.m */ = {isa = PBXFileReference; fileEncoding = 4; lastKnownFileType = sourcecode.c.objc; path = CNFirestLinkViewController.m; sourceTree = "<group>"; };
		8256C0AD1C1AC5DB008E72B1 /* CNFirestLinkViewController.xib */ = {isa = PBXFileReference; fileEncoding = 4; lastKnownFileType = file.xib; path = CNFirestLinkViewController.xib; sourceTree = "<group>"; };
		8256C0B01C1AC5F3008E72B1 /* CNSecondLinkViewController.h */ = {isa = PBXFileReference; fileEncoding = 4; lastKnownFileType = sourcecode.c.h; path = CNSecondLinkViewController.h; sourceTree = "<group>"; };
		8256C0B11C1AC5F3008E72B1 /* CNSecondLinkViewController.m */ = {isa = PBXFileReference; fileEncoding = 4; lastKnownFileType = sourcecode.c.objc; path = CNSecondLinkViewController.m; sourceTree = "<group>"; };
		8256C0B21C1AC5F3008E72B1 /* CNSecondLinkViewController.xib */ = {isa = PBXFileReference; fileEncoding = 4; lastKnownFileType = file.xib; path = CNSecondLinkViewController.xib; sourceTree = "<group>"; };
		82AC27431C1B226B00C59F3E /* friends.plist */ = {isa = PBXFileReference; fileEncoding = 4; lastKnownFileType = text.plist.xml; path = friends.plist; sourceTree = "<group>"; };
		82AC27451C1C839E00C59F3E /* CNFriend.h */ = {isa = PBXFileReference; fileEncoding = 4; lastKnownFileType = sourcecode.c.h; path = CNFriend.h; sourceTree = "<group>"; };
		82AC27461C1C839E00C59F3E /* CNFriend.m */ = {isa = PBXFileReference; fileEncoding = 4; lastKnownFileType = sourcecode.c.objc; path = CNFriend.m; sourceTree = "<group>"; };
		82AC27471C1C839E00C59F3E /* CNGroup.h */ = {isa = PBXFileReference; fileEncoding = 4; lastKnownFileType = sourcecode.c.h; path = CNGroup.h; sourceTree = "<group>"; };
		82AC27481C1C839E00C59F3E /* CNGroup.m */ = {isa = PBXFileReference; fileEncoding = 4; lastKnownFileType = sourcecode.c.objc; path = CNGroup.m; sourceTree = "<group>"; };
		82AC274C1C1C843C00C59F3E /* CNFrindCell.h */ = {isa = PBXFileReference; fileEncoding = 4; lastKnownFileType = sourcecode.c.h; path = CNFrindCell.h; sourceTree = "<group>"; };
		82AC274D1C1C843C00C59F3E /* CNFrindCell.m */ = {isa = PBXFileReference; fileEncoding = 4; lastKnownFileType = sourcecode.c.objc; path = CNFrindCell.m; sourceTree = "<group>"; };
		82AC274E1C1C843C00C59F3E /* CNGoupHeaderView.h */ = {isa = PBXFileReference; fileEncoding = 4; lastKnownFileType = sourcecode.c.h; path = CNGoupHeaderView.h; sourceTree = "<group>"; };
		82AC274F1C1C843C00C59F3E /* CNGoupHeaderView.m */ = {isa = PBXFileReference; fileEncoding = 4; lastKnownFileType = sourcecode.c.objc; path = CNGoupHeaderView.m; sourceTree = "<group>"; };
		82AC27521C1C905200C59F3E /* CNMessage.h */ = {isa = PBXFileReference; fileEncoding = 4; lastKnownFileType = sourcecode.c.h; path = CNMessage.h; sourceTree = "<group>"; };
		82AC27531C1C905200C59F3E /* CNMessage.m */ = {isa = PBXFileReference; fileEncoding = 4; lastKnownFileType = sourcecode.c.objc; path = CNMessage.m; sourceTree = "<group>"; };
		82AC27581C1C907400C59F3E /* CNMessageFrame.h */ = {isa = PBXFileReference; fileEncoding = 4; lastKnownFileType = sourcecode.c.h; path = CNMessageFrame.h; sourceTree = "<group>"; };
		82AC27591C1C907400C59F3E /* CNMessageFrame.m */ = {isa = PBXFileReference; fileEncoding = 4; lastKnownFileType = sourcecode.c.objc; path = CNMessageFrame.m; sourceTree = "<group>"; };
		82AC275B1C1C908A00C59F3E /* NSString+CNNSStringExt.h */ = {isa = PBXFileReference; fileEncoding = 4; lastKnownFileType = sourcecode.c.h; path = "NSString+CNNSStringExt.h"; sourceTree = "<group>"; };
		82AC275C1C1C908A00C59F3E /* NSString+CNNSStringExt.m */ = {isa = PBXFileReference; fileEncoding = 4; lastKnownFileType = sourcecode.c.objc; path = "NSString+CNNSStringExt.m"; sourceTree = "<group>"; };
		82AC27611C1C914200C59F3E /* CNMessageViewController.h */ = {isa = PBXFileReference; fileEncoding = 4; lastKnownFileType = sourcecode.c.h; path = CNMessageViewController.h; sourceTree = "<group>"; };
		82AC27621C1C914200C59F3E /* CNMessageViewController.m */ = {isa = PBXFileReference; fileEncoding = 4; lastKnownFileType = sourcecode.c.objc; path = CNMessageViewController.m; sourceTree = "<group>"; };
		82AC27631C1C914200C59F3E /* CNMessageViewController.xib */ = {isa = PBXFileReference; fileEncoding = 4; lastKnownFileType = file.xib; path = CNMessageViewController.xib; sourceTree = "<group>"; };
		82AC27661C1C946700C59F3E /* messages.plist */ = {isa = PBXFileReference; fileEncoding = 4; lastKnownFileType = text.plist.xml; path = messages.plist; sourceTree = "<group>"; };
		82BCEEE31C2132B800FFAD11 /* CNFlowViewController.h */ = {isa = PBXFileReference; fileEncoding = 4; lastKnownFileType = sourcecode.c.h; path = CNFlowViewController.h; sourceTree = "<group>"; };
		82BCEEE41C2132B800FFAD11 /* CNFlowViewController.m */ = {isa = PBXFileReference; fileEncoding = 4; lastKnownFileType = sourcecode.c.objc; path = CNFlowViewController.m; sourceTree = "<group>"; };
		82DB776D1C258DA10034C44E /* CNUserInfo.h */ = {isa = PBXFileReference; fileEncoding = 4; lastKnownFileType = sourcecode.c.h; path = CNUserInfo.h; sourceTree = "<group>"; };
		82DB776E1C258DA10034C44E /* CNUserInfo.m */ = {isa = PBXFileReference; fileEncoding = 4; lastKnownFileType = sourcecode.c.objc; path = CNUserInfo.m; sourceTree = "<group>"; };
		82DB77701C258DE10034C44E /* userinfo.plist */ = {isa = PBXFileReference; fileEncoding = 4; lastKnownFileType = text.plist.xml; path = userinfo.plist; sourceTree = "<group>"; };
		82DB77731C25A5390034C44E /* MessageViewController.h */ = {isa = PBXFileReference; fileEncoding = 4; lastKnownFileType = sourcecode.c.h; path = MessageViewController.h; sourceTree = "<group>"; };
		82DB77741C25A5390034C44E /* MessageViewController.m */ = {isa = PBXFileReference; fileEncoding = 4; lastKnownFileType = sourcecode.c.objc; path = MessageViewController.m; sourceTree = "<group>"; };
		82DB77751C25A5390034C44E /* MessageViewController.xib */ = {isa = PBXFileReference; fileEncoding = 4; lastKnownFileType = file.xib; path = MessageViewController.xib; sourceTree = "<group>"; };
		82DB77781C25A5490034C44E /* OneViewController.h */ = {isa = PBXFileReference; fileEncoding = 4; lastKnownFileType = sourcecode.c.h; path = OneViewController.h; sourceTree = "<group>"; };
		82DB77791C25A5490034C44E /* OneViewController.m */ = {isa = PBXFileReference; fileEncoding = 4; lastKnownFileType = sourcecode.c.objc; path = OneViewController.m; sourceTree = "<group>"; };
		82DB777A1C25A5490034C44E /* OneViewController.xib */ = {isa = PBXFileReference; fileEncoding = 4; lastKnownFileType = file.xib; path = OneViewController.xib; sourceTree = "<group>"; };
		82DB777D1C25A5530034C44E /* ThreeViewController.h */ = {isa = PBXFileReference; fileEncoding = 4; lastKnownFileType = sourcecode.c.h; path = ThreeViewController.h; sourceTree = "<group>"; };
		82DB777E1C25A5530034C44E /* ThreeViewController.m */ = {isa = PBXFileReference; fileEncoding = 4; lastKnownFileType = sourcecode.c.objc; path = ThreeViewController.m; sourceTree = "<group>"; };
		82DB777F1C25A5530034C44E /* ThreeViewController.xib */ = {isa = PBXFileReference; fileEncoding = 4; lastKnownFileType = file.xib; path = ThreeViewController.xib; sourceTree = "<group>"; };
		82DB77801C25A5530034C44E /* TwoViewController.h */ = {isa = PBXFileReference; fileEncoding = 4; lastKnownFileType = sourcecode.c.h; path = TwoViewController.h; sourceTree = "<group>"; };
		82DB77811C25A5530034C44E /* TwoViewController.m */ = {isa = PBXFileReference; fileEncoding = 4; lastKnownFileType = sourcecode.c.objc; path = TwoViewController.m; sourceTree = "<group>"; };
		82DB77821C25A5530034C44E /* TwoViewController.xib */ = {isa = PBXFileReference; fileEncoding = 4; lastKnownFileType = file.xib; path = TwoViewController.xib; sourceTree = "<group>"; };
		82DB77881C25A5990034C44E /* goodsHot@2x.png */ = {isa = PBXFileReference; lastKnownFileType = image.png; path = "goodsHot@2x.png"; sourceTree = "<group>"; };
		82DB77891C25A5990034C44E /* goodsHot_d@2x.png */ = {isa = PBXFileReference; lastKnownFileType = image.png; path = "goodsHot_d@2x.png"; sourceTree = "<group>"; };
		82DB778A1C25A5990034C44E /* goodsHSeperator@2x.png */ = {isa = PBXFileReference; lastKnownFileType = image.png; path = "goodsHSeperator@2x.png"; sourceTree = "<group>"; };
		82DB778B1C25A5990034C44E /* goodsNew@2x.png */ = {isa = PBXFileReference; lastKnownFileType = image.png; path = "goodsNew@2x.png"; sourceTree = "<group>"; };
		82DB778C1C25A5990034C44E /* goodsNew_d@2x.png */ = {isa = PBXFileReference; lastKnownFileType = image.png; path = "goodsNew_d@2x.png"; sourceTree = "<group>"; };
		82DB778D1C25A5990034C44E /* goodsPrice@2x.png */ = {isa = PBXFileReference; lastKnownFileType = image.png; path = "goodsPrice@2x.png"; sourceTree = "<group>"; };
		82DB778E1C25A5990034C44E /* goodsPrice_d@2x.png */ = {isa = PBXFileReference; lastKnownFileType = image.png; path = "goodsPrice_d@2x.png"; sourceTree = "<group>"; };
		82DB778F1C25A5990034C44E /* tabbarBk@2x.png */ = {isa = PBXFileReference; lastKnownFileType = image.png; path = "tabbarBk@2x.png"; sourceTree = "<group>"; };
		82DB779A1C25A6780034C44E /* DLCacheProtocol.h */ = {isa = PBXFileReference; fileEncoding = 4; lastKnownFileType = sourcecode.c.h; path = DLCacheProtocol.h; sourceTree = "<group>"; };
		82DB779B1C25A6780034C44E /* DLLRUCache.h */ = {isa = PBXFileReference; fileEncoding = 4; lastKnownFileType = sourcecode.c.h; path = DLLRUCache.h; sourceTree = "<group>"; };
		82DB779C1C25A6780034C44E /* DLLRUCache.m */ = {isa = PBXFileReference; fileEncoding = 4; lastKnownFileType = sourcecode.c.objc; path = DLLRUCache.m; sourceTree = "<group>"; };
		82DB779D1C25A6780034C44E /* DLCustomSlideView.h */ = {isa = PBXFileReference; fileEncoding = 4; lastKnownFileType = sourcecode.c.h; path = DLCustomSlideView.h; sourceTree = "<group>"; };
		82DB779E1C25A6780034C44E /* DLCustomSlideView.m */ = {isa = PBXFileReference; fileEncoding = 4; lastKnownFileType = sourcecode.c.objc; path = DLCustomSlideView.m; sourceTree = "<group>"; };
		82DB779F1C25A6780034C44E /* DLSlideView.h */ = {isa = PBXFileReference; fileEncoding = 4; lastKnownFileType = sourcecode.c.h; path = DLSlideView.h; sourceTree = "<group>"; };
		82DB77A01C25A6780034C44E /* DLSlideView.m */ = {isa = PBXFileReference; fileEncoding = 4; lastKnownFileType = sourcecode.c.objc; path = DLSlideView.m; sourceTree = "<group>"; };
		82DB77A21C25A6780034C44E /* DLFixedTabbarView.h */ = {isa = PBXFileReference; fileEncoding = 4; lastKnownFileType = sourcecode.c.h; path = DLFixedTabbarView.h; sourceTree = "<group>"; };
		82DB77A31C25A6780034C44E /* DLFixedTabbarView.m */ = {isa = PBXFileReference; fileEncoding = 4; lastKnownFileType = sourcecode.c.objc; path = DLFixedTabbarView.m; sourceTree = "<group>"; };
		82DB77A41C25A6780034C44E /* DLScrollTabbarView.h */ = {isa = PBXFileReference; fileEncoding = 4; lastKnownFileType = sourcecode.c.h; path = DLScrollTabbarView.h; sourceTree = "<group>"; };
		82DB77A51C25A6780034C44E /* DLScrollTabbarView.m */ = {isa = PBXFileReference; fileEncoding = 4; lastKnownFileType = sourcecode.c.objc; path = DLScrollTabbarView.m; sourceTree = "<group>"; };
		82DB77A61C25A6780034C44E /* DLSlideTabbarProtocol.h */ = {isa = PBXFileReference; fileEncoding = 4; lastKnownFileType = sourcecode.c.h; path = DLSlideTabbarProtocol.h; sourceTree = "<group>"; };
		82DB77A71C25A6780034C44E /* DLTabedSlideView.h */ = {isa = PBXFileReference; fileEncoding = 4; lastKnownFileType = sourcecode.c.h; path = DLTabedSlideView.h; sourceTree = "<group>"; };
		82DB77A81C25A6780034C44E /* DLTabedSlideView.m */ = {isa = PBXFileReference; fileEncoding = 4; lastKnownFileType = sourcecode.c.objc; path = DLTabedSlideView.m; sourceTree = "<group>"; };
		82DB77A91C25A6780034C44E /* DLUtility.h */ = {isa = PBXFileReference; fileEncoding = 4; lastKnownFileType = sourcecode.c.h; path = DLUtility.h; sourceTree = "<group>"; };
		82DB77AA1C25A6780034C44E /* DLUtility.m */ = {isa = PBXFileReference; fileEncoding = 4; lastKnownFileType = sourcecode.c.objc; path = DLUtility.m; sourceTree = "<group>"; };
		82DB77BA1C25AE350034C44E /* CNMessageCell.h */ = {isa = PBXFileReference; fileEncoding = 4; lastKnownFileType = sourcecode.c.h; path = CNMessageCell.h; sourceTree = "<group>"; };
		82DB77BB1C25AE350034C44E /* CNMessageCell.m */ = {isa = PBXFileReference; fileEncoding = 4; lastKnownFileType = sourcecode.c.objc; path = CNMessageCell.m; sourceTree = "<group>"; };
		82DB77BD1C25AE880034C44E /* CNTaskCell.h */ = {isa = PBXFileReference; fileEncoding = 4; lastKnownFileType = sourcecode.c.h; path = CNTaskCell.h; sourceTree = "<group>"; };
		82DB77BE1C25AE880034C44E /* CNTaskCell.m */ = {isa = PBXFileReference; fileEncoding = 4; lastKnownFileType = sourcecode.c.objc; path = CNTaskCell.m; sourceTree = "<group>"; };
		82DB77BF1C25AE880034C44E /* CNTaskCell.xib */ = {isa = PBXFileReference; fileEncoding = 4; lastKnownFileType = file.xib; path = CNTaskCell.xib; sourceTree = "<group>"; };
		82DBF1111C1D967D00FE303E /* FriendLink.plist */ = {isa = PBXFileReference; fileEncoding = 4; lastKnownFileType = text.plist.xml; path = FriendLink.plist; sourceTree = "<group>"; };
		82DBF1141C1D991C00FE303E /* CNLinkFriend.h */ = {isa = PBXFileReference; fileEncoding = 4; lastKnownFileType = sourcecode.c.h; path = CNLinkFriend.h; sourceTree = "<group>"; };
		82DBF1151C1D991C00FE303E /* CNLinkFriend.m */ = {isa = PBXFileReference; fileEncoding = 4; lastKnownFileType = sourcecode.c.objc; path = CNLinkFriend.m; sourceTree = "<group>"; };
		82DBF12C1C1E799F00FE303E /* AVFoundation.framework */ = {isa = PBXFileReference; lastKnownFileType = wrapper.framework; name = AVFoundation.framework; path = System/Library/Frameworks/AVFoundation.framework; sourceTree = SDKROOT; };
		82DBF12E1C1E79A900FE303E /* CoreGraphics.framework */ = {isa = PBXFileReference; lastKnownFileType = wrapper.framework; name = CoreGraphics.framework; path = System/Library/Frameworks/CoreGraphics.framework; sourceTree = SDKROOT; };
		82DBF1301C1E79B400FE303E /* UIKit.framework */ = {isa = PBXFileReference; lastKnownFileType = wrapper.framework; name = UIKit.framework; path = System/Library/Frameworks/UIKit.framework; sourceTree = SDKROOT; };
		82DBF1321C1E79BC00FE303E /* Foundation.framework */ = {isa = PBXFileReference; lastKnownFileType = wrapper.framework; name = Foundation.framework; path = System/Library/Frameworks/Foundation.framework; sourceTree = SDKROOT; };
		82DBF13A1C20155800FE303E /* FlipDetailViewController.h */ = {isa = PBXFileReference; fileEncoding = 4; lastKnownFileType = sourcecode.c.h; name = FlipDetailViewController.h; path = ../../../../Downloads/FlipViewTest/FlipViewTest/FlipDetailViewController.h; sourceTree = "<group>"; };
		82DBF13B1C20155800FE303E /* FlipDetailViewController.m */ = {isa = PBXFileReference; fileEncoding = 4; lastKnownFileType = sourcecode.c.objc; name = FlipDetailViewController.m; path = ../../../../Downloads/FlipViewTest/FlipViewTest/FlipDetailViewController.m; sourceTree = "<group>"; };
		82DBF13C1C20155800FE303E /* FlipDetailViewController.xib */ = {isa = PBXFileReference; fileEncoding = 4; lastKnownFileType = file.xib; name = FlipDetailViewController.xib; path = ../../../../Downloads/FlipViewTest/FlipViewTest/FlipDetailViewController.xib; sourceTree = "<group>"; };
		82DBF13D1C20155800FE303E /* FlipScrollView.h */ = {isa = PBXFileReference; fileEncoding = 4; lastKnownFileType = sourcecode.c.h; name = FlipScrollView.h; path = ../../../../Downloads/FlipViewTest/FlipViewTest/FlipScrollView.h; sourceTree = "<group>"; };
		82DBF13E1C20155800FE303E /* FlipScrollView.m */ = {isa = PBXFileReference; fileEncoding = 4; lastKnownFileType = sourcecode.c.objc; name = FlipScrollView.m; path = ../../../../Downloads/FlipViewTest/FlipViewTest/FlipScrollView.m; sourceTree = "<group>"; };
		82DBF13F1C20155800FE303E /* FlipViewController.h */ = {isa = PBXFileReference; fileEncoding = 4; lastKnownFileType = sourcecode.c.h; name = FlipViewController.h; path = ../../../../Downloads/FlipViewTest/FlipViewTest/FlipViewController.h; sourceTree = "<group>"; };
		82DBF1401C20155800FE303E /* FlipViewController.m */ = {isa = PBXFileReference; fileEncoding = 4; lastKnownFileType = sourcecode.c.objc; name = FlipViewController.m; path = ../../../../Downloads/FlipViewTest/FlipViewTest/FlipViewController.m; sourceTree = "<group>"; };
		82DBF1411C20155800FE303E /* FlipViewController.xib */ = {isa = PBXFileReference; fileEncoding = 4; lastKnownFileType = file.xib; name = FlipViewController.xib; path = ../../../../Downloads/FlipViewTest/FlipViewTest/FlipViewController.xib; sourceTree = "<group>"; };
		82DBF1471C20158300FE303E /* UIView+Screenshot.h */ = {isa = PBXFileReference; fileEncoding = 4; lastKnownFileType = sourcecode.c.h; name = "UIView+Screenshot.h"; path = "../../../../Downloads/FlipViewTest/FlipViewTest/UIView+Screenshot.h"; sourceTree = "<group>"; };
		82DBF1481C20158300FE303E /* UIView+Screenshot.m */ = {isa = PBXFileReference; fileEncoding = 4; lastKnownFileType = sourcecode.c.objc; name = "UIView+Screenshot.m"; path = "../../../../Downloads/FlipViewTest/FlipViewTest/UIView+Screenshot.m"; sourceTree = "<group>"; };
		82DBF14A1C2015B100FE303E /* AddNewNoteViewController.h */ = {isa = PBXFileReference; fileEncoding = 4; lastKnownFileType = sourcecode.c.h; name = AddNewNoteViewController.h; path = ../../../../Downloads/FlipViewTest/FlipViewTest/AddNewNoteViewController.h; sourceTree = "<group>"; };
		82DBF14B1C2015B100FE303E /* AddNewNoteViewController.m */ = {isa = PBXFileReference; fileEncoding = 4; lastKnownFileType = sourcecode.c.objc; name = AddNewNoteViewController.m; path = ../../../../Downloads/FlipViewTest/FlipViewTest/AddNewNoteViewController.m; sourceTree = "<group>"; };
		82DBF14C1C2015B100FE303E /* AddNewNoteViewController.xib */ = {isa = PBXFileReference; fileEncoding = 4; lastKnownFileType = file.xib; name = AddNewNoteViewController.xib; path = ../../../../Downloads/FlipViewTest/FlipViewTest/AddNewNoteViewController.xib; sourceTree = "<group>"; };
		82DBF14D1C2015B100FE303E /* InScrollViewLayer.h */ = {isa = PBXFileReference; fileEncoding = 4; lastKnownFileType = sourcecode.c.h; name = InScrollViewLayer.h; path = ../../../../Downloads/FlipViewTest/FlipViewTest/InScrollViewLayer.h; sourceTree = "<group>"; };
		82DBF14E1C2015B100FE303E /* InScrollViewLayer.m */ = {isa = PBXFileReference; fileEncoding = 4; lastKnownFileType = sourcecode.c.objc; name = InScrollViewLayer.m; path = ../../../../Downloads/FlipViewTest/FlipViewTest/InScrollViewLayer.m; sourceTree = "<group>"; };
		82DBF1581C2024DE00FE303E /* notepad.png */ = {isa = PBXFileReference; lastKnownFileType = image.png; name = notepad.png; path = ../../../../Downloads/FlipViewTest/FlipViewTest/notepad.png; sourceTree = "<group>"; };
		82DBF15A1C2035C200FE303E /* UIImage+UIImage_Scale.h */ = {isa = PBXFileReference; fileEncoding = 4; lastKnownFileType = sourcecode.c.h; path = "UIImage+UIImage_Scale.h"; sourceTree = "<group>"; };
		82DBF15B1C2035C200FE303E /* UIImage+UIImage_Scale.m */ = {isa = PBXFileReference; fileEncoding = 4; lastKnownFileType = sourcecode.c.objc; path = "UIImage+UIImage_Scale.m"; sourceTree = "<group>"; };
		82E0B78C1C191B2800AF5316 /* OA自动办公系统.app */ = {isa = PBXFileReference; explicitFileType = wrapper.application; includeInIndex = 0; path = "OA自动办公系统.app"; sourceTree = BUILT_PRODUCTS_DIR; };
		82E0B7901C191B2800AF5316 /* main.m */ = {isa = PBXFileReference; lastKnownFileType = sourcecode.c.objc; path = main.m; sourceTree = "<group>"; };
		82E0B7921C191B2800AF5316 /* AppDelegate.h */ = {isa = PBXFileReference; lastKnownFileType = sourcecode.c.h; path = AppDelegate.h; sourceTree = "<group>"; };
		82E0B7931C191B2800AF5316 /* AppDelegate.m */ = {isa = PBXFileReference; lastKnownFileType = sourcecode.c.objc; path = AppDelegate.m; sourceTree = "<group>"; };
		82E0B7951C191B2800AF5316 /* MainViewController.h */ = {isa = PBXFileReference; lastKnownFileType = sourcecode.c.h; path = MainViewController.h; sourceTree = "<group>"; };
		82E0B7961C191B2800AF5316 /* MainViewController.m */ = {isa = PBXFileReference; lastKnownFileType = sourcecode.c.objc; path = MainViewController.m; sourceTree = "<group>"; };
		82E0B7991C191B2800AF5316 /* Base */ = {isa = PBXFileReference; lastKnownFileType = file.storyboard; name = Base; path = Base.lproj/Main.storyboard; sourceTree = "<group>"; };
		82E0B79B1C191B2800AF5316 /* Assets.xcassets */ = {isa = PBXFileReference; lastKnownFileType = folder.assetcatalog; path = Assets.xcassets; sourceTree = "<group>"; };
		82E0B79E1C191B2800AF5316 /* Base */ = {isa = PBXFileReference; lastKnownFileType = file.storyboard; name = Base; path = Base.lproj/LaunchScreen.storyboard; sourceTree = "<group>"; };
		82E0B7A01C191B2800AF5316 /* Info.plist */ = {isa = PBXFileReference; lastKnownFileType = text.plist.xml; path = Info.plist; sourceTree = "<group>"; };
		82E0B7A51C191B2800AF5316 /* OA自动办公系统Tests.xctest */ = {isa = PBXFileReference; explicitFileType = wrapper.cfbundle; includeInIndex = 0; path = "OA自动办公系统Tests.xctest"; sourceTree = BUILT_PRODUCTS_DIR; };
		82E0B7A91C191B2800AF5316 /* OA______Tests.m */ = {isa = PBXFileReference; lastKnownFileType = sourcecode.c.objc; path = "OA______Tests.m"; sourceTree = "<group>"; };
		82E0B7AB1C191B2800AF5316 /* Info.plist */ = {isa = PBXFileReference; lastKnownFileType = text.plist.xml; path = Info.plist; sourceTree = "<group>"; };
		82E0B7B01C191B2800AF5316 /* OA自动办公系统UITests.xctest */ = {isa = PBXFileReference; explicitFileType = wrapper.cfbundle; includeInIndex = 0; path = "OA自动办公系统UITests.xctest"; sourceTree = BUILT_PRODUCTS_DIR; };
		82E0B7B41C191B2800AF5316 /* OA______UITests.m */ = {isa = PBXFileReference; lastKnownFileType = sourcecode.c.objc; path = "OA______UITests.m"; sourceTree = "<group>"; };
		82E0B7B61C191B2800AF5316 /* Info.plist */ = {isa = PBXFileReference; lastKnownFileType = text.plist.xml; path = Info.plist; sourceTree = "<group>"; };
		82E0B7C91C191CA000AF5316 /* CNBaseNavigationController.h */ = {isa = PBXFileReference; fileEncoding = 4; lastKnownFileType = sourcecode.c.h; path = CNBaseNavigationController.h; sourceTree = "<group>"; };
		82E0B7CA1C191CA000AF5316 /* CNBaseNavigationController.m */ = {isa = PBXFileReference; fileEncoding = 4; lastKnownFileType = sourcecode.c.objc; path = CNBaseNavigationController.m; sourceTree = "<group>"; };
		82E0B7CC1C19A37500AF5316 /* CNBaseViewController.h */ = {isa = PBXFileReference; fileEncoding = 4; lastKnownFileType = sourcecode.c.h; path = CNBaseViewController.h; sourceTree = "<group>"; };
		82E0B7CD1C19A37500AF5316 /* CNBaseViewController.m */ = {isa = PBXFileReference; fileEncoding = 4; lastKnownFileType = sourcecode.c.objc; path = CNBaseViewController.m; sourceTree = "<group>"; };
		82E0B7D21C19B76D00AF5316 /* CNLinkViewController.h */ = {isa = PBXFileReference; fileEncoding = 4; lastKnownFileType = sourcecode.c.h; path = CNLinkViewController.h; sourceTree = "<group>"; };
		82E0B7D31C19B76D00AF5316 /* CNLinkViewController.m */ = {isa = PBXFileReference; fileEncoding = 4; lastKnownFileType = sourcecode.c.objc; path = CNLinkViewController.m; sourceTree = "<group>"; };
		82E0B7D51C19B77D00AF5316 /* CNDynaViewController.h */ = {isa = PBXFileReference; fileEncoding = 4; lastKnownFileType = sourcecode.c.h; path = CNDynaViewController.h; sourceTree = "<group>"; };
		82E0B7D61C19B77D00AF5316 /* CNDynaViewController.m */ = {isa = PBXFileReference; fileEncoding = 4; lastKnownFileType = sourcecode.c.objc; path = CNDynaViewController.m; sourceTree = "<group>"; };
		82E0B7D81C19B78C00AF5316 /* CNMoreViewController.h */ = {isa = PBXFileReference; fileEncoding = 4; lastKnownFileType = sourcecode.c.h; path = CNMoreViewController.h; sourceTree = "<group>"; };
		82E0B7D91C19B78C00AF5316 /* CNMoreViewController.m */ = {isa = PBXFileReference; fileEncoding = 4; lastKnownFileType = sourcecode.c.objc; path = CNMoreViewController.m; sourceTree = "<group>"; };
		82E0B7DB1C19CC1900AF5316 /* CNTabBarController.h */ = {isa = PBXFileReference; fileEncoding = 4; lastKnownFileType = sourcecode.c.h; path = CNTabBarController.h; sourceTree = "<group>"; };
		82E0B7DC1C19CC1900AF5316 /* CNTabBarController.m */ = {isa = PBXFileReference; fileEncoding = 4; lastKnownFileType = sourcecode.c.objc; path = CNTabBarController.m; sourceTree = "<group>"; };
		82E0B7E11C19EC4400AF5316 /* HomeApption.plist */ = {isa = PBXFileReference; fileEncoding = 4; lastKnownFileType = text.plist.xml; path = HomeApption.plist; sourceTree = "<group>"; };
		82E53C4E1C19F00C009DD72D /* HomeApption.h */ = {isa = PBXFileReference; fileEncoding = 4; lastKnownFileType = sourcecode.c.h; path = HomeApption.h; sourceTree = "<group>"; };
		82E53C4F1C19F00C009DD72D /* HomeApption.m */ = {isa = PBXFileReference; fileEncoding = 4; lastKnownFileType = sourcecode.c.objc; path = HomeApption.m; sourceTree = "<group>"; };
		82E5A7911C248487009D7C3C /* CNLoginView.h */ = {isa = PBXFileReference; fileEncoding = 4; lastKnownFileType = sourcecode.c.h; path = CNLoginView.h; sourceTree = "<group>"; };
		82E5A7921C248487009D7C3C /* CNLoginView.m */ = {isa = PBXFileReference; fileEncoding = 4; lastKnownFileType = sourcecode.c.objc; path = CNLoginView.m; sourceTree = "<group>"; };
		82E5A7941C24945C009D7C3C /* CNLoginView.xib */ = {isa = PBXFileReference; fileEncoding = 4; lastKnownFileType = file.xib; path = CNLoginView.xib; sourceTree = "<group>"; };
		82E69B571C24015800F20CCB /* icon_next@2x.png */ = {isa = PBXFileReference; lastKnownFileType = image.png; path = "icon_next@2x.png"; sourceTree = "<group>"; };
		82E69B581C24015800F20CCB /* icon_previous@2x.png */ = {isa = PBXFileReference; lastKnownFileType = image.png; path = "icon_previous@2x.png"; sourceTree = "<group>"; };
		82E69B5C1C24016600F20CCB /* FDCalendar.h */ = {isa = PBXFileReference; fileEncoding = 4; lastKnownFileType = sourcecode.c.h; path = FDCalendar.h; sourceTree = "<group>"; };
		82E69B5D1C24016600F20CCB /* FDCalendar.m */ = {isa = PBXFileReference; fileEncoding = 4; lastKnownFileType = sourcecode.c.objc; path = FDCalendar.m; sourceTree = "<group>"; };
		82E69B5E1C24016600F20CCB /* FDCalendarItem.h */ = {isa = PBXFileReference; fileEncoding = 4; lastKnownFileType = sourcecode.c.h; path = FDCalendarItem.h; sourceTree = "<group>"; };
		82E69B5F1C24016600F20CCB /* FDCalendarItem.m */ = {isa = PBXFileReference; fileEncoding = 4; lastKnownFileType = sourcecode.c.objc; path = FDCalendarItem.m; sourceTree = "<group>"; };
		82FCD4001C268155009200E0 /* taskinfo.plist */ = {isa = PBXFileReference; fileEncoding = 4; lastKnownFileType = text.plist.xml; path = taskinfo.plist; sourceTree = "<group>"; };
		82FE0E341C21C2D300B36DE4 /* CNMoreViewController.xib */ = {isa = PBXFileReference; fileEncoding = 4; lastKnownFileType = file.xib; path = CNMoreViewController.xib; sourceTree = "<group>"; };
		82FE0E361C21C61D00B36DE4 /* CNFlowCell.h */ = {isa = PBXFileReference; fileEncoding = 4; lastKnownFileType = sourcecode.c.h; path = CNFlowCell.h; sourceTree = "<group>"; };
		82FE0E371C21C61D00B36DE4 /* CNFlowCell.m */ = {isa = PBXFileReference; fileEncoding = 4; lastKnownFileType = sourcecode.c.objc; path = CNFlowCell.m; sourceTree = "<group>"; };
		82FE0E381C21C61D00B36DE4 /* CNFlowCell.xib */ = {isa = PBXFileReference; fileEncoding = 4; lastKnownFileType = file.xib; path = CNFlowCell.xib; sourceTree = "<group>"; };
		82FE0E3B1C21CA3F00B36DE4 /* flowinfo.plist */ = {isa = PBXFileReference; fileEncoding = 4; lastKnownFileType = text.plist.xml; path = flowinfo.plist; sourceTree = "<group>"; };
		82FE0E3E1C21CB9E00B36DE4 /* CNFlowInfo.h */ = {isa = PBXFileReference; fileEncoding = 4; lastKnownFileType = sourcecode.c.h; path = CNFlowInfo.h; sourceTree = "<group>"; };
		82FE0E3F1C21CB9E00B36DE4 /* CNFlowInfo.m */ = {isa = PBXFileReference; fileEncoding = 4; lastKnownFileType = sourcecode.c.objc; path = CNFlowInfo.m; sourceTree = "<group>"; };
		82FE0E411C21DCD300B36DE4 /* CNFileOperate.h */ = {isa = PBXFileReference; fileEncoding = 4; lastKnownFileType = sourcecode.c.h; path = CNFileOperate.h; sourceTree = "<group>"; };
		82FE0E421C21DCD300B36DE4 /* CNFileOperate.m */ = {isa = PBXFileReference; fileEncoding = 4; lastKnownFileType = sourcecode.c.objc; path = CNFileOperate.m; sourceTree = "<group>"; };
		82FE0E441C22557900B36DE4 /* CNLookFlowViewController.h */ = {isa = PBXFileReference; fileEncoding = 4; lastKnownFileType = sourcecode.c.h; path = CNLookFlowViewController.h; sourceTree = "<group>"; };
		82FE0E451C22557900B36DE4 /* CNLookFlowViewController.m */ = {isa = PBXFileReference; fileEncoding = 4; lastKnownFileType = sourcecode.c.objc; path = CNLookFlowViewController.m; sourceTree = "<group>"; };
/* End PBXFileReference section */

/* Begin PBXFrameworksBuildPhase section */
		82E0B7891C191B2800AF5316 /* Frameworks */ = {
			isa = PBXFrameworksBuildPhase;
			buildActionMask = 2147483647;
			files = (
				82DBF1331C1E79BC00FE303E /* Foundation.framework in Frameworks */,
				82DBF1311C1E79B400FE303E /* UIKit.framework in Frameworks */,
				82DBF12F1C1E79A900FE303E /* CoreGraphics.framework in Frameworks */,
				82DBF12D1C1E799F00FE303E /* AVFoundation.framework in Frameworks */,
			);
			runOnlyForDeploymentPostprocessing = 0;
		};
		82E0B7A21C191B2800AF5316 /* Frameworks */ = {
			isa = PBXFrameworksBuildPhase;
			buildActionMask = 2147483647;
			files = (
				82DBF1351C1E79E000FE303E /* Foundation.framework in Frameworks */,
				82DBF1341C1E79CE00FE303E /* UIKit.framework in Frameworks */,
			);
			runOnlyForDeploymentPostprocessing = 0;
		};
		82E0B7AD1C191B2800AF5316 /* Frameworks */ = {
			isa = PBXFrameworksBuildPhase;
			buildActionMask = 2147483647;
			files = (
			);
			runOnlyForDeploymentPostprocessing = 0;
		};
/* End PBXFrameworksBuildPhase section */

/* Begin PBXGroup section */
		8256C0771C1AB4DF008E72B1 /* UtilViews */ = {
			isa = PBXGroup;
			children = (
				8256C09C1C1ABC6F008E72B1 /* JRSegmentControl */,
			);
			name = UtilViews;
			sourceTree = "<group>";
		};
		8256C0921C1ABC6F008E72B1 /* EmailView */ = {
			isa = PBXGroup;
			children = (
				8256C0931C1ABC6F008E72B1 /* CNFirstEmailViewController.h */,
				8256C0941C1ABC6F008E72B1 /* CNFirstEmailViewController.m */,
				8256C0951C1ABC6F008E72B1 /* CNFirstEmailViewController.xib */,
				8256C0961C1ABC6F008E72B1 /* CNSecondEmailViewController.h */,
				8256C0971C1ABC6F008E72B1 /* CNSecondEmailViewController.m */,
				8256C0981C1ABC6F008E72B1 /* CNSecondEmailViewController.xib */,
			);
			name = EmailView;
			path = Classes;
			sourceTree = "<group>";
		};
		8256C09C1C1ABC6F008E72B1 /* JRSegmentControl */ = {
			isa = PBXGroup;
			children = (
				8256C09D1C1ABC6F008E72B1 /* JRSegmentControl.h */,
				8256C09E1C1ABC6F008E72B1 /* JRSegmentControl.m */,
				8256C09F1C1ABC6F008E72B1 /* JRSegmentViewController.h */,
				8256C0A01C1ABC6F008E72B1 /* JRSegmentViewController.m */,
			);
			path = JRSegmentControl;
			sourceTree = "<group>";
		};
		8256C0AA1C1AC59A008E72B1 /* LinkViews */ = {
			isa = PBXGroup;
			children = (
				82AC274B1C1C842200C59F3E /* CellAndView */,
				8256C0AB1C1AC5DB008E72B1 /* CNFirestLinkViewController.h */,
				8256C0AC1C1AC5DB008E72B1 /* CNFirestLinkViewController.m */,
				8256C0AD1C1AC5DB008E72B1 /* CNFirestLinkViewController.xib */,
				8256C0B01C1AC5F3008E72B1 /* CNSecondLinkViewController.h */,
				8256C0B11C1AC5F3008E72B1 /* CNSecondLinkViewController.m */,
				8256C0B21C1AC5F3008E72B1 /* CNSecondLinkViewController.xib */,
			);
			name = LinkViews;
			sourceTree = "<group>";
		};
		82AC274B1C1C842200C59F3E /* CellAndView */ = {
			isa = PBXGroup;
			children = (
				82DB77BA1C25AE350034C44E /* CNMessageCell.h */,
				82DB77BB1C25AE350034C44E /* CNMessageCell.m */,
				82AC274C1C1C843C00C59F3E /* CNFrindCell.h */,
				82AC274D1C1C843C00C59F3E /* CNFrindCell.m */,
				82AC274E1C1C843C00C59F3E /* CNGoupHeaderView.h */,
				82AC274F1C1C843C00C59F3E /* CNGoupHeaderView.m */,
				82AC27611C1C914200C59F3E /* CNMessageViewController.h */,
				82AC27621C1C914200C59F3E /* CNMessageViewController.m */,
				82AC27631C1C914200C59F3E /* CNMessageViewController.xib */,
			);
			name = CellAndView;
			sourceTree = "<group>";
		};
		82BCEEE21C21329000FFAD11 /* FlowView */ = {
			isa = PBXGroup;
			children = (
				82E69B5B1C24016600F20CCB /* FDCalendar */,
				82BCEEE31C2132B800FFAD11 /* CNFlowViewController.h */,
				82BCEEE41C2132B800FFAD11 /* CNFlowViewController.m */,
				82FE0E361C21C61D00B36DE4 /* CNFlowCell.h */,
				82FE0E371C21C61D00B36DE4 /* CNFlowCell.m */,
				82FE0E381C21C61D00B36DE4 /* CNFlowCell.xib */,
				82FE0E441C22557900B36DE4 /* CNLookFlowViewController.h */,
				82FE0E451C22557900B36DE4 /* CNLookFlowViewController.m */,
			);
			name = FlowView;
			sourceTree = "<group>";
		};
		82DB77721C25A3E50034C44E /* New Group */ = {
			isa = PBXGroup;
			children = (
			);
			name = "New Group";
			sourceTree = "<group>";
		};
		82DB77871C25A5990034C44E /* resources */ = {
			isa = PBXGroup;
			children = (
				822580A41C25C3E000D3ED6A /* ok.png */,
				822580A51C25C3E000D3ED6A /* delete.ico */,
				822580A61C25C3E000D3ED6A /* deleteRed.ico */,
				822580A71C25C3E000D3ED6A /* cancel.png */,
				822580A81C25C3E000D3ED6A /* okBlue.png */,
				82DB77881C25A5990034C44E /* goodsHot@2x.png */,
				82DB77891C25A5990034C44E /* goodsHot_d@2x.png */,
				82DB778A1C25A5990034C44E /* goodsHSeperator@2x.png */,
				82DB778B1C25A5990034C44E /* goodsNew@2x.png */,
				82DB778C1C25A5990034C44E /* goodsNew_d@2x.png */,
				82DB778D1C25A5990034C44E /* goodsPrice@2x.png */,
				82DB778E1C25A5990034C44E /* goodsPrice_d@2x.png */,
				82DB778F1C25A5990034C44E /* tabbarBk@2x.png */,
			);
			path = resources;
			sourceTree = "<group>";
		};
		82DB77981C25A6780034C44E /* DLSlideView */ = {
			isa = PBXGroup;
			children = (
				82DB77991C25A6780034C44E /* DLCache */,
				82DB779D1C25A6780034C44E /* DLCustomSlideView.h */,
				82DB779E1C25A6780034C44E /* DLCustomSlideView.m */,
				82DB779F1C25A6780034C44E /* DLSlideView.h */,
				82DB77A01C25A6780034C44E /* DLSlideView.m */,
				82DB77A11C25A6780034C44E /* DLTabbarView */,
				82DB77A71C25A6780034C44E /* DLTabedSlideView.h */,
				82DB77A81C25A6780034C44E /* DLTabedSlideView.m */,
				82DB77A91C25A6780034C44E /* DLUtility.h */,
				82DB77AA1C25A6780034C44E /* DLUtility.m */,
			);
			name = DLSlideView;
			path = resources/DLSlideView;
			sourceTree = "<group>";
		};
		82DB77991C25A6780034C44E /* DLCache */ = {
			isa = PBXGroup;
			children = (
				82DB779A1C25A6780034C44E /* DLCacheProtocol.h */,
				82DB779B1C25A6780034C44E /* DLLRUCache.h */,
				82DB779C1C25A6780034C44E /* DLLRUCache.m */,
			);
			path = DLCache;
			sourceTree = "<group>";
		};
		82DB77A11C25A6780034C44E /* DLTabbarView */ = {
			isa = PBXGroup;
			children = (
				82DB77A21C25A6780034C44E /* DLFixedTabbarView.h */,
				82DB77A31C25A6780034C44E /* DLFixedTabbarView.m */,
				82DB77A41C25A6780034C44E /* DLScrollTabbarView.h */,
				82DB77A51C25A6780034C44E /* DLScrollTabbarView.m */,
				82DB77A61C25A6780034C44E /* DLSlideTabbarProtocol.h */,
			);
			path = DLTabbarView;
			sourceTree = "<group>";
		};
		82DBF1131C1D98F000FE303E /* LinkModels */ = {
			isa = PBXGroup;
			children = (
				82AC27521C1C905200C59F3E /* CNMessage.h */,
				82AC27531C1C905200C59F3E /* CNMessage.m */,
				82AC27581C1C907400C59F3E /* CNMessageFrame.h */,
				82AC27591C1C907400C59F3E /* CNMessageFrame.m */,
				82AC27451C1C839E00C59F3E /* CNFriend.h */,
				82AC27461C1C839E00C59F3E /* CNFriend.m */,
				82AC27471C1C839E00C59F3E /* CNGroup.h */,
				82AC27481C1C839E00C59F3E /* CNGroup.m */,
				82DBF1141C1D991C00FE303E /* CNLinkFriend.h */,
				82DBF1151C1D991C00FE303E /* CNLinkFriend.m */,
			);
			name = LinkModels;
			sourceTree = "<group>";
		};
		82DBF1171C1DA47900FE303E /* LoginController */ = {
			isa = PBXGroup;
			children = (
				82E5A7911C248487009D7C3C /* CNLoginView.h */,
				82E5A7921C248487009D7C3C /* CNLoginView.m */,
				82E5A7941C24945C009D7C3C /* CNLoginView.xib */,
			);
			name = LoginController;
			sourceTree = "<group>";
		};
		82DBF1291C1E793600FE303E /* Frameworks */ = {
			isa = PBXGroup;
			children = (
				82DBF1321C1E79BC00FE303E /* Foundation.framework */,
				82DBF1301C1E79B400FE303E /* UIKit.framework */,
				82DBF12E1C1E79A900FE303E /* CoreGraphics.framework */,
				82DBF12C1C1E799F00FE303E /* AVFoundation.framework */,
			);
			name = Frameworks;
			sourceTree = "<group>";
		};
		82DBF1391C20092600FE303E /* FlipView */ = {
			isa = PBXGroup;
			children = (
				82DBF13A1C20155800FE303E /* FlipDetailViewController.h */,
				82DBF13B1C20155800FE303E /* FlipDetailViewController.m */,
				82DBF13C1C20155800FE303E /* FlipDetailViewController.xib */,
				82DBF13D1C20155800FE303E /* FlipScrollView.h */,
				82DBF13E1C20155800FE303E /* FlipScrollView.m */,
				82DBF13F1C20155800FE303E /* FlipViewController.h */,
				82DBF1401C20155800FE303E /* FlipViewController.m */,
				82DBF1411C20155800FE303E /* FlipViewController.xib */,
				82DBF14A1C2015B100FE303E /* AddNewNoteViewController.h */,
				82DBF14B1C2015B100FE303E /* AddNewNoteViewController.m */,
				82DBF14C1C2015B100FE303E /* AddNewNoteViewController.xib */,
				82DBF14D1C2015B100FE303E /* InScrollViewLayer.h */,
				82DBF14E1C2015B100FE303E /* InScrollViewLayer.m */,
			);
			name = FlipView;
			sourceTree = "<group>";
		};
		82E0B7831C191B2800AF5316 = {
			isa = PBXGroup;
			children = (
				82E0B78E1C191B2800AF5316 /* OA自动办公系统 */,
				82E0B7A81C191B2800AF5316 /* OA自动办公系统Tests */,
				82E0B7B31C191B2800AF5316 /* OA自动办公系统UITests */,
				82E0B78D1C191B2800AF5316 /* Products */,
				82DBF1291C1E793600FE303E /* Frameworks */,
			);
			sourceTree = "<group>";
		};
		82E0B78D1C191B2800AF5316 /* Products */ = {
			isa = PBXGroup;
			children = (
				82E0B78C1C191B2800AF5316 /* OA自动办公系统.app */,
				82E0B7A51C191B2800AF5316 /* OA自动办公系统Tests.xctest */,
				82E0B7B01C191B2800AF5316 /* OA自动办公系统UITests.xctest */,
			);
			name = Products;
			sourceTree = "<group>";
		};
		82E0B78E1C191B2800AF5316 /* OA自动办公系统 */ = {
			isa = PBXGroup;
			children = (
				82E0B7C51C191B6800AF5316 /* Others */,
				82E0B7C31C191B3D00AF5316 /* Models */,
				82E0B7C21C191B3200AF5316 /* Views */,
				82E0B7C41C191B4500AF5316 /* Controllers */,
				82E0B78F1C191B2800AF5316 /* Supporting Files */,
			);
			path = "OA自动办公系统";
			sourceTree = "<group>";
		};
		82E0B78F1C191B2800AF5316 /* Supporting Files */ = {
			isa = PBXGroup;
			children = (
				82E0B7E11C19EC4400AF5316 /* HomeApption.plist */,
				82AC27661C1C946700C59F3E /* messages.plist */,
				82AC27431C1B226B00C59F3E /* friends.plist */,
				82DBF1111C1D967D00FE303E /* FriendLink.plist */,
				82FE0E3B1C21CA3F00B36DE4 /* flowinfo.plist */,
				82DB77701C258DE10034C44E /* userinfo.plist */,
				82FCD4001C268155009200E0 /* taskinfo.plist */,
				82E0B7981C191B2800AF5316 /* Main.storyboard */,
				82E0B79D1C191B2800AF5316 /* LaunchScreen.storyboard */,
				82E0B79B1C191B2800AF5316 /* Assets.xcassets */,
				82E69B571C24015800F20CCB /* icon_next@2x.png */,
				82E69B581C24015800F20CCB /* icon_previous@2x.png */,
				82DBF1581C2024DE00FE303E /* notepad.png */,
				82E0B7A01C191B2800AF5316 /* Info.plist */,
				82E0B7921C191B2800AF5316 /* AppDelegate.h */,
				82E0B7931C191B2800AF5316 /* AppDelegate.m */,
				82E0B7901C191B2800AF5316 /* main.m */,
			);
			name = "Supporting Files";
			sourceTree = "<group>";
		};
		82E0B7A81C191B2800AF5316 /* OA自动办公系统Tests */ = {
			isa = PBXGroup;
			children = (
				82E0B7A91C191B2800AF5316 /* OA______Tests.m */,
				82E0B7AB1C191B2800AF5316 /* Info.plist */,
			);
			path = "OA自动办公系统Tests";
			sourceTree = "<group>";
		};
		82E0B7B31C191B2800AF5316 /* OA自动办公系统UITests */ = {
			isa = PBXGroup;
			children = (
				82E0B7B41C191B2800AF5316 /* OA______UITests.m */,
				82E0B7B61C191B2800AF5316 /* Info.plist */,
			);
			path = "OA自动办公系统UITests";
			sourceTree = "<group>";
		};
		82E0B7C21C191B3200AF5316 /* Views */ = {
			isa = PBXGroup;
			children = (
				8256C0771C1AB4DF008E72B1 /* UtilViews */,
				8256C0AA1C1AC59A008E72B1 /* LinkViews */,
				82E53C571C19FA21009DD72D /* MainViews */,
			);
			name = Views;
			sourceTree = "<group>";
		};
		82E0B7C31C191B3D00AF5316 /* Models */ = {
			isa = PBXGroup;
			children = (
				82DB776D1C258DA10034C44E /* CNUserInfo.h */,
				82DB776E1C258DA10034C44E /* CNUserInfo.m */,
				82FE0E3D1C21CB8000B36DE4 /* FlowModels */,
				82DBF1131C1D98F000FE303E /* LinkModels */,
				82E53C4E1C19F00C009DD72D /* HomeApption.h */,
				82E53C4F1C19F00C009DD72D /* HomeApption.m */,
			);
			name = Models;
			sourceTree = "<group>";
		};
		82E0B7C41C191B4500AF5316 /* Controllers */ = {
			isa = PBXGroup;
			children = (
				82DBF1171C1DA47900FE303E /* LoginController */,
				82E0B7C61C191C1C00AF5316 /* BaseControllers */,
				82E0B7C71C191C4F00AF5316 /* MainController */,
				82E0B7CF1C19B6F900AF5316 /* LinkController */,
				82E0B7D01C19B71500AF5316 /* DynaController */,
				82E0B7D11C19B72600AF5316 /* MoreController */,
			);
			name = Controllers;
			sourceTree = "<group>";
		};
		82E0B7C51C191B6800AF5316 /* Others */ = {
			isa = PBXGroup;
			children = (
				82AC275B1C1C908A00C59F3E /* NSString+CNNSStringExt.h */,
				82AC275C1C1C908A00C59F3E /* NSString+CNNSStringExt.m */,
				82DBF1471C20158300FE303E /* UIView+Screenshot.h */,
				82DBF1481C20158300FE303E /* UIView+Screenshot.m */,
				82DBF15A1C2035C200FE303E /* UIImage+UIImage_Scale.h */,
				82DBF15B1C2035C200FE303E /* UIImage+UIImage_Scale.m */,
				82FE0E411C21DCD300B36DE4 /* CNFileOperate.h */,
				82FE0E421C21DCD300B36DE4 /* CNFileOperate.m */,
			);
			name = Others;
			sourceTree = "<group>";
		};
		82E0B7C61C191C1C00AF5316 /* BaseControllers */ = {
			isa = PBXGroup;
			children = (
				82E0B7C91C191CA000AF5316 /* CNBaseNavigationController.h */,
				82E0B7CA1C191CA000AF5316 /* CNBaseNavigationController.m */,
				82E0B7CC1C19A37500AF5316 /* CNBaseViewController.h */,
				82E0B7CD1C19A37500AF5316 /* CNBaseViewController.m */,
				82E0B7DB1C19CC1900AF5316 /* CNTabBarController.h */,
				82E0B7DC1C19CC1900AF5316 /* CNTabBarController.m */,
			);
			name = BaseControllers;
			sourceTree = "<group>";
		};
		82E0B7C71C191C4F00AF5316 /* MainController */ = {
			isa = PBXGroup;
			children = (
				82E0B7951C191B2800AF5316 /* MainViewController.h */,
				82E0B7961C191B2800AF5316 /* MainViewController.m */,
			);
			name = MainController;
			sourceTree = "<group>";
		};
		82E0B7CF1C19B6F900AF5316 /* LinkController */ = {
			isa = PBXGroup;
			children = (
				82E0B7D21C19B76D00AF5316 /* CNLinkViewController.h */,
				82E0B7D31C19B76D00AF5316 /* CNLinkViewController.m */,
			);
			name = LinkController;
			sourceTree = "<group>";
		};
		82E0B7D01C19B71500AF5316 /* DynaController */ = {
			isa = PBXGroup;
			children = (
				82E0B7D51C19B77D00AF5316 /* CNDynaViewController.h */,
				82E0B7D61C19B77D00AF5316 /* CNDynaViewController.m */,
			);
			name = DynaController;
			sourceTree = "<group>";
		};
		82E0B7D11C19B72600AF5316 /* MoreController */ = {
			isa = PBXGroup;
			children = (
				82E0B7D81C19B78C00AF5316 /* CNMoreViewController.h */,
				82E0B7D91C19B78C00AF5316 /* CNMoreViewController.m */,
				82FE0E341C21C2D300B36DE4 /* CNMoreViewController.xib */,
			);
			name = MoreController;
			sourceTree = "<group>";
		};
		82E53C571C19FA21009DD72D /* MainViews */ = {
			isa = PBXGroup;
			children = (
				82DB77721C25A3E50034C44E /* New Group */,
				82E5A7881C2449E8009D7C3C /* MessageView */,
				82BCEEE21C21329000FFAD11 /* FlowView */,
				82DBF1391C20092600FE303E /* FlipView */,
				8256C0921C1ABC6F008E72B1 /* EmailView */,
			);
			name = MainViews;
			sourceTree = "<group>";
		};
		82E5A7881C2449E8009D7C3C /* MessageView */ = {
			isa = PBXGroup;
			children = (
				82DB77981C25A6780034C44E /* DLSlideView */,
				82DB77871C25A5990034C44E /* resources */,
				82DB77731C25A5390034C44E /* MessageViewController.h */,
				82DB77741C25A5390034C44E /* MessageViewController.m */,
				82DB77751C25A5390034C44E /* MessageViewController.xib */,
				82DB77781C25A5490034C44E /* OneViewController.h */,
				82DB77791C25A5490034C44E /* OneViewController.m */,
				82DB777A1C25A5490034C44E /* OneViewController.xib */,
				82DB777D1C25A5530034C44E /* ThreeViewController.h */,
				82DB777E1C25A5530034C44E /* ThreeViewController.m */,
				82DB777F1C25A5530034C44E /* ThreeViewController.xib */,
				82DB77801C25A5530034C44E /* TwoViewController.h */,
				82DB77811C25A5530034C44E /* TwoViewController.m */,
				82DB77821C25A5530034C44E /* TwoViewController.xib */,
				82DB77BD1C25AE880034C44E /* CNTaskCell.h */,
				82DB77BE1C25AE880034C44E /* CNTaskCell.m */,
				82DB77BF1C25AE880034C44E /* CNTaskCell.xib */,
			);
			name = MessageView;
			sourceTree = "<group>";
		};
		82E69B5B1C24016600F20CCB /* FDCalendar */ = {
			isa = PBXGroup;
			children = (
				82E69B5C1C24016600F20CCB /* FDCalendar.h */,
				82E69B5D1C24016600F20CCB /* FDCalendar.m */,
				82E69B5E1C24016600F20CCB /* FDCalendarItem.h */,
				82E69B5F1C24016600F20CCB /* FDCalendarItem.m */,
			);
			path = FDCalendar;
			sourceTree = "<group>";
		};
		82FE0E3D1C21CB8000B36DE4 /* FlowModels */ = {
			isa = PBXGroup;
			children = (
				82FE0E3E1C21CB9E00B36DE4 /* CNFlowInfo.h */,
				82FE0E3F1C21CB9E00B36DE4 /* CNFlowInfo.m */,
			);
			name = FlowModels;
			sourceTree = "<group>";
		};
/* End PBXGroup section */

/* Begin PBXNativeTarget section */
		82E0B78B1C191B2800AF5316 /* OA自动办公系统 */ = {
			isa = PBXNativeTarget;
			buildConfigurationList = 82E0B7B91C191B2800AF5316 /* Build configuration list for PBXNativeTarget "OA自动办公系统" */;
			buildPhases = (
				82E0B7881C191B2800AF5316 /* Sources */,
				82E0B7891C191B2800AF5316 /* Frameworks */,
				82E0B78A1C191B2800AF5316 /* Resources */,
			);
			buildRules = (
			);
			dependencies = (
			);
			name = "OA自动办公系统";
			productName = "OA自动办公系统";
			productReference = 82E0B78C1C191B2800AF5316 /* OA自动办公系统.app */;
			productType = "com.apple.product-type.application";
		};
		82E0B7A41C191B2800AF5316 /* OA自动办公系统Tests */ = {
			isa = PBXNativeTarget;
			buildConfigurationList = 82E0B7BC1C191B2800AF5316 /* Build configuration list for PBXNativeTarget "OA自动办公系统Tests" */;
			buildPhases = (
				82E0B7A11C191B2800AF5316 /* Sources */,
				82E0B7A21C191B2800AF5316 /* Frameworks */,
				82E0B7A31C191B2800AF5316 /* Resources */,
			);
			buildRules = (
			);
			dependencies = (
				82E0B7A71C191B2800AF5316 /* PBXTargetDependency */,
			);
			name = "OA自动办公系统Tests";
			productName = "OA自动办公系统Tests";
			productReference = 82E0B7A51C191B2800AF5316 /* OA自动办公系统Tests.xctest */;
			productType = "com.apple.product-type.bundle.unit-test";
		};
		82E0B7AF1C191B2800AF5316 /* OA自动办公系统UITests */ = {
			isa = PBXNativeTarget;
			buildConfigurationList = 82E0B7BF1C191B2800AF5316 /* Build configuration list for PBXNativeTarget "OA自动办公系统UITests" */;
			buildPhases = (
				82E0B7AC1C191B2800AF5316 /* Sources */,
				82E0B7AD1C191B2800AF5316 /* Frameworks */,
				82E0B7AE1C191B2800AF5316 /* Resources */,
			);
			buildRules = (
			);
			dependencies = (
				82E0B7B21C191B2800AF5316 /* PBXTargetDependency */,
			);
			name = "OA自动办公系统UITests";
			productName = "OA自动办公系统UITests";
			productReference = 82E0B7B01C191B2800AF5316 /* OA自动办公系统UITests.xctest */;
			productType = "com.apple.product-type.bundle.ui-testing";
		};
/* End PBXNativeTarget section */

/* Begin PBXProject section */
		82E0B7841C191B2800AF5316 /* Project object */ = {
			isa = PBXProject;
			attributes = {
				CLASSPREFIX = CN;
				LastUpgradeCheck = 0710;
				ORGANIZATIONNAME = AIogle;
				TargetAttributes = {
					82E0B78B1C191B2800AF5316 = {
						CreatedOnToolsVersion = 7.1.1;
						DevelopmentTeam = 9965EP5VAL;
					};
					82E0B7A41C191B2800AF5316 = {
						CreatedOnToolsVersion = 7.1.1;
						DevelopmentTeam = 9965EP5VAL;
						TestTargetID = 82E0B78B1C191B2800AF5316;
					};
					82E0B7AF1C191B2800AF5316 = {
						CreatedOnToolsVersion = 7.1.1;
						DevelopmentTeam = 9965EP5VAL;
						TestTargetID = 82E0B78B1C191B2800AF5316;
					};
				};
			};
			buildConfigurationList = 82E0B7871C191B2800AF5316 /* Build configuration list for PBXProject "OA自动办公系统" */;
			compatibilityVersion = "Xcode 3.2";
			developmentRegion = English;
			hasScannedForEncodings = 0;
			knownRegions = (
				en,
				Base,
			);
			mainGroup = 82E0B7831C191B2800AF5316;
			productRefGroup = 82E0B78D1C191B2800AF5316 /* Products */;
			projectDirPath = "";
			projectRoot = "";
			targets = (
				82E0B78B1C191B2800AF5316 /* OA自动办公系统 */,
				82E0B7A41C191B2800AF5316 /* OA自动办公系统Tests */,
				82E0B7AF1C191B2800AF5316 /* OA自动办公系统UITests */,
			);
		};
/* End PBXProject section */

/* Begin PBXResourcesBuildPhase section */
		82E0B78A1C191B2800AF5316 /* Resources */ = {
			isa = PBXResourcesBuildPhase;
			buildActionMask = 2147483647;
			files = (
				82DBF1121C1D967D00FE303E /* FriendLink.plist in Resources */,
				822580A91C25C3E000D3ED6A /* ok.png in Resources */,
				82DBF1461C20155800FE303E /* FlipViewController.xib in Resources */,
				822580AC1C25C3E000D3ED6A /* cancel.png in Resources */,
				82DB77951C25A5990034C44E /* goodsPrice@2x.png in Resources */,
				82DB77C11C25AE880034C44E /* CNTaskCell.xib in Resources */,
				82E0B79F1C191B2800AF5316 /* LaunchScreen.storyboard in Resources */,
				82DB77711C258DE10034C44E /* userinfo.plist in Resources */,
				82E5A7951C24945C009D7C3C /* CNLoginView.xib in Resources */,
				82DBF1501C2015B100FE303E /* AddNewNoteViewController.xib in Resources */,
				822580AD1C25C3E000D3ED6A /* okBlue.png in Resources */,
				8256C0B41C1AC5F3008E72B1 /* CNSecondLinkViewController.xib in Resources */,
				822580AB1C25C3E000D3ED6A /* deleteRed.ico in Resources */,
				82AC27671C1C946700C59F3E /* messages.plist in Resources */,
				82AC27441C1B226B00C59F3E /* friends.plist in Resources */,
				82DB77841C25A5530034C44E /* ThreeViewController.xib in Resources */,
				82FE0E351C21C2D300B36DE4 /* CNMoreViewController.xib in Resources */,
				82FE0E3C1C21CA3F00B36DE4 /* flowinfo.plist in Resources */,
				82FE0E3A1C21C61D00B36DE4 /* CNFlowCell.xib in Resources */,
				8256C0A21C1ABC6F008E72B1 /* CNFirstEmailViewController.xib in Resources */,
				8256C0A41C1ABC6F008E72B1 /* CNSecondEmailViewController.xib in Resources */,
				82DB77901C25A5990034C44E /* goodsHot@2x.png in Resources */,
				82DB777C1C25A5490034C44E /* OneViewController.xib in Resources */,
				822580AA1C25C3E000D3ED6A /* delete.ico in Resources */,
				82E69B591C24015800F20CCB /* icon_next@2x.png in Resources */,
				82FCD4011C268155009200E0 /* taskinfo.plist in Resources */,
				82DB77921C25A5990034C44E /* goodsHSeperator@2x.png in Resources */,
				82DB77931C25A5990034C44E /* goodsNew@2x.png in Resources */,
				82DBF1591C2024DE00FE303E /* notepad.png in Resources */,
				8256C0AF1C1AC5DB008E72B1 /* CNFirestLinkViewController.xib in Resources */,
				82E0B79C1C191B2800AF5316 /* Assets.xcassets in Resources */,
				82DB77941C25A5990034C44E /* goodsNew_d@2x.png in Resources */,
				82E0B79A1C191B2800AF5316 /* Main.storyboard in Resources */,
				82DB77971C25A5990034C44E /* tabbarBk@2x.png in Resources */,
				82DB77961C25A5990034C44E /* goodsPrice_d@2x.png in Resources */,
				82DB77861C25A5530034C44E /* TwoViewController.xib in Resources */,
				82E0B7E21C19EC4400AF5316 /* HomeApption.plist in Resources */,
				82E69B5A1C24015800F20CCB /* icon_previous@2x.png in Resources */,
				82DB77771C25A5390034C44E /* MessageViewController.xib in Resources */,
				82DB77911C25A5990034C44E /* goodsHot_d@2x.png in Resources */,
				82AC27651C1C914200C59F3E /* CNMessageViewController.xib in Resources */,
				82DBF1431C20155800FE303E /* FlipDetailViewController.xib in Resources */,
			);
			runOnlyForDeploymentPostprocessing = 0;
		};
		82E0B7A31C191B2800AF5316 /* Resources */ = {
			isa = PBXResourcesBuildPhase;
			buildActionMask = 2147483647;
			files = (
			);
			runOnlyForDeploymentPostprocessing = 0;
		};
		82E0B7AE1C191B2800AF5316 /* Resources */ = {
			isa = PBXResourcesBuildPhase;
			buildActionMask = 2147483647;
			files = (
			);
			runOnlyForDeploymentPostprocessing = 0;
		};
/* End PBXResourcesBuildPhase section */

/* Begin PBXSourcesBuildPhase section */
		82E0B7881C191B2800AF5316 /* Sources */ = {
			isa = PBXSourcesBuildPhase;
			buildActionMask = 2147483647;
			files = (
				82E53C501C19F00C009DD72D /* HomeApption.m in Sources */,
				82FE0E431C21DCD300B36DE4 /* CNFileOperate.m in Sources */,
				82FE0E391C21C61D00B36DE4 /* CNFlowCell.m in Sources */,
				82AC27491C1C839E00C59F3E /* CNFriend.m in Sources */,
				8256C0B31C1AC5F3008E72B1 /* CNSecondLinkViewController.m in Sources */,
				82FE0E461C22557900B36DE4 /* CNLookFlowViewController.m in Sources */,
				82DBF1491C20158300FE303E /* UIView+Screenshot.m in Sources */,
				82AC27501C1C843C00C59F3E /* CNFrindCell.m in Sources */,
				8256C0A31C1ABC6F008E72B1 /* CNSecondEmailViewController.m in Sources */,
				82FE0E401C21CB9E00B36DE4 /* CNFlowInfo.m in Sources */,
				82BCEEE51C2132B800FFAD11 /* CNFlowViewController.m in Sources */,
				8256C0A81C1ABC6F008E72B1 /* JRSegmentViewController.m in Sources */,
				82DB77B11C25A6780034C44E /* DLUtility.m in Sources */,
				82DBF14F1C2015B100FE303E /* AddNewNoteViewController.m in Sources */,
				82E5A7931C248487009D7C3C /* CNLoginView.m in Sources */,
				82E0B7CB1C191CA000AF5316 /* CNBaseNavigationController.m in Sources */,
				82DBF1441C20155800FE303E /* FlipScrollView.m in Sources */,
				82AC275D1C1C908A00C59F3E /* NSString+CNNSStringExt.m in Sources */,
				82DBF1511C2015B100FE303E /* InScrollViewLayer.m in Sources */,
				82DB77851C25A5530034C44E /* TwoViewController.m in Sources */,
				82E69B601C24016600F20CCB /* FDCalendar.m in Sources */,
				82E0B7971C191B2800AF5316 /* MainViewController.m in Sources */,
				82E0B7CE1C19A37500AF5316 /* CNBaseViewController.m in Sources */,
				82DB77AE1C25A6780034C44E /* DLFixedTabbarView.m in Sources */,
				82DBF15C1C2035C200FE303E /* UIImage+UIImage_Scale.m in Sources */,
				82DB77BC1C25AE350034C44E /* CNMessageCell.m in Sources */,
				82AC275A1C1C907400C59F3E /* CNMessageFrame.m in Sources */,
				82DB77831C25A5530034C44E /* ThreeViewController.m in Sources */,
				82AC27511C1C843C00C59F3E /* CNGoupHeaderView.m in Sources */,
				82DB77AB1C25A6780034C44E /* DLLRUCache.m in Sources */,
				82DB77B01C25A6780034C44E /* DLTabedSlideView.m in Sources */,
				82DB77AD1C25A6780034C44E /* DLSlideView.m in Sources */,
				82E0B7D41C19B76D00AF5316 /* CNLinkViewController.m in Sources */,
				82DBF1421C20155800FE303E /* FlipDetailViewController.m in Sources */,
				82DB776F1C258DA10034C44E /* CNUserInfo.m in Sources */,
				82DBF1451C20155800FE303E /* FlipViewController.m in Sources */,
				8256C0A71C1ABC6F008E72B1 /* JRSegmentControl.m in Sources */,
				82AC27541C1C905200C59F3E /* CNMessage.m in Sources */,
				82DB777B1C25A5490034C44E /* OneViewController.m in Sources */,
				8256C0AE1C1AC5DB008E72B1 /* CNFirestLinkViewController.m in Sources */,
				82E0B7DA1C19B78C00AF5316 /* CNMoreViewController.m in Sources */,
				82DB77AC1C25A6780034C44E /* DLCustomSlideView.m in Sources */,
				82E69B611C24016600F20CCB /* FDCalendarItem.m in Sources */,
				82DB77C01C25AE880034C44E /* CNTaskCell.m in Sources */,
				82DB77761C25A5390034C44E /* MessageViewController.m in Sources */,
				82AC27641C1C914200C59F3E /* CNMessageViewController.m in Sources */,
				8256C0A11C1ABC6F008E72B1 /* CNFirstEmailViewController.m in Sources */,
				82E0B7941C191B2800AF5316 /* AppDelegate.m in Sources */,
				82AC274A1C1C839E00C59F3E /* CNGroup.m in Sources */,
				82DBF1161C1D991C00FE303E /* CNLinkFriend.m in Sources */,
				82DB77AF1C25A6780034C44E /* DLScrollTabbarView.m in Sources */,
				82E0B7DD1C19CC1900AF5316 /* CNTabBarController.m in Sources */,
				82E0B7911C191B2800AF5316 /* main.m in Sources */,
				82E0B7D71C19B77D00AF5316 /* CNDynaViewController.m in Sources */,
			);
			runOnlyForDeploymentPostprocessing = 0;
		};
		82E0B7A11C191B2800AF5316 /* Sources */ = {
			isa = PBXSourcesBuildPhase;
			buildActionMask = 2147483647;
			files = (
				82E0B7AA1C191B2800AF5316 /* OA______Tests.m in Sources */,
			);
			runOnlyForDeploymentPostprocessing = 0;
		};
		82E0B7AC1C191B2800AF5316 /* Sources */ = {
			isa = PBXSourcesBuildPhase;
			buildActionMask = 2147483647;
			files = (
				82E0B7B51C191B2800AF5316 /* OA______UITests.m in Sources */,
			);
			runOnlyForDeploymentPostprocessing = 0;
		};
/* End PBXSourcesBuildPhase section */

/* Begin PBXTargetDependency section */
		82E0B7A71C191B2800AF5316 /* PBXTargetDependency */ = {
			isa = PBXTargetDependency;
			target = 82E0B78B1C191B2800AF5316 /* OA自动办公系统 */;
			targetProxy = 82E0B7A61C191B2800AF5316 /* PBXContainerItemProxy */;
		};
		82E0B7B21C191B2800AF5316 /* PBXTargetDependency */ = {
			isa = PBXTargetDependency;
			target = 82E0B78B1C191B2800AF5316 /* OA自动办公系统 */;
			targetProxy = 82E0B7B11C191B2800AF5316 /* PBXContainerItemProxy */;
		};
/* End PBXTargetDependency section */

/* Begin PBXVariantGroup section */
		82E0B7981C191B2800AF5316 /* Main.storyboard */ = {
			isa = PBXVariantGroup;
			children = (
				82E0B7991C191B2800AF5316 /* Base */,
			);
			name = Main.storyboard;
			sourceTree = "<group>";
		};
		82E0B79D1C191B2800AF5316 /* LaunchScreen.storyboard */ = {
			isa = PBXVariantGroup;
			children = (
				82E0B79E1C191B2800AF5316 /* Base */,
			);
			name = LaunchScreen.storyboard;
			sourceTree = "<group>";
		};
/* End PBXVariantGroup section */

/* Begin XCBuildConfiguration section */
		82E0B7B71C191B2800AF5316 /* Debug */ = {
			isa = XCBuildConfiguration;
			buildSettings = {
				ALWAYS_SEARCH_USER_PATHS = NO;
				CLANG_CXX_LANGUAGE_STANDARD = "gnu++0x";
				CLANG_CXX_LIBRARY = "libc++";
				CLANG_ENABLE_MODULES = YES;
				CLANG_ENABLE_OBJC_ARC = YES;
				CLANG_WARN_BOOL_CONVERSION = YES;
				CLANG_WARN_CONSTANT_CONVERSION = YES;
				CLANG_WARN_DIRECT_OBJC_ISA_USAGE = YES_ERROR;
				CLANG_WARN_EMPTY_BODY = YES;
				CLANG_WARN_ENUM_CONVERSION = YES;
				CLANG_WARN_INT_CONVERSION = YES;
				CLANG_WARN_OBJC_ROOT_CLASS = YES_ERROR;
				CLANG_WARN_UNREACHABLE_CODE = YES;
				CLANG_WARN__DUPLICATE_METHOD_MATCH = YES;
				"CODE_SIGN_IDENTITY[sdk=iphoneos*]" = "iPhone Developer: gaohongfei1023@outlook.com (K9GCL2ZCH3)";
				COPY_PHASE_STRIP = NO;
				DEBUG_INFORMATION_FORMAT = dwarf;
				ENABLE_STRICT_OBJC_MSGSEND = YES;
				ENABLE_TESTABILITY = YES;
				GCC_C_LANGUAGE_STANDARD = gnu99;
				GCC_DYNAMIC_NO_PIC = NO;
				GCC_NO_COMMON_BLOCKS = YES;
				GCC_OPTIMIZATION_LEVEL = 0;
				GCC_PREPROCESSOR_DEFINITIONS = (
					"DEBUG=1",
					"$(inherited)",
				);
				GCC_WARN_64_TO_32_BIT_CONVERSION = YES;
				GCC_WARN_ABOUT_RETURN_TYPE = YES_ERROR;
				GCC_WARN_UNDECLARED_SELECTOR = YES;
				GCC_WARN_UNINITIALIZED_AUTOS = YES_AGGRESSIVE;
				GCC_WARN_UNUSED_FUNCTION = YES;
				GCC_WARN_UNUSED_VARIABLE = YES;
				IPHONEOS_DEPLOYMENT_TARGET = 9.1;
				MTL_ENABLE_DEBUG_INFO = YES;
				ONLY_ACTIVE_ARCH = YES;
				SDKROOT = iphoneos;
			};
			name = Debug;
		};
		82E0B7B81C191B2800AF5316 /* Release */ = {
			isa = XCBuildConfiguration;
			buildSettings = {
				ALWAYS_SEARCH_USER_PATHS = NO;
				CLANG_CXX_LANGUAGE_STANDARD = "gnu++0x";
				CLANG_CXX_LIBRARY = "libc++";
				CLANG_ENABLE_MODULES = YES;
				CLANG_ENABLE_OBJC_ARC = YES;
				CLANG_WARN_BOOL_CONVERSION = YES;
				CLANG_WARN_CONSTANT_CONVERSION = YES;
				CLANG_WARN_DIRECT_OBJC_ISA_USAGE = YES_ERROR;
				CLANG_WARN_EMPTY_BODY = YES;
				CLANG_WARN_ENUM_CONVERSION = YES;
				CLANG_WARN_INT_CONVERSION = YES;
				CLANG_WARN_OBJC_ROOT_CLASS = YES_ERROR;
				CLANG_WARN_UNREACHABLE_CODE = YES;
				CLANG_WARN__DUPLICATE_METHOD_MATCH = YES;
				"CODE_SIGN_IDENTITY[sdk=iphoneos*]" = "iPhone Developer: gaohongfei1023@outlook.com (K9GCL2ZCH3)";
				COPY_PHASE_STRIP = NO;
				DEBUG_INFORMATION_FORMAT = "dwarf-with-dsym";
				ENABLE_NS_ASSERTIONS = NO;
				ENABLE_STRICT_OBJC_MSGSEND = YES;
				GCC_C_LANGUAGE_STANDARD = gnu99;
				GCC_NO_COMMON_BLOCKS = YES;
				GCC_WARN_64_TO_32_BIT_CONVERSION = YES;
				GCC_WARN_ABOUT_RETURN_TYPE = YES_ERROR;
				GCC_WARN_UNDECLARED_SELECTOR = YES;
				GCC_WARN_UNINITIALIZED_AUTOS = YES_AGGRESSIVE;
				GCC_WARN_UNUSED_FUNCTION = YES;
				GCC_WARN_UNUSED_VARIABLE = YES;
				IPHONEOS_DEPLOYMENT_TARGET = 9.1;
				MTL_ENABLE_DEBUG_INFO = NO;
				SDKROOT = iphoneos;
				VALIDATE_PRODUCT = YES;
			};
			name = Release;
		};
		82E0B7BA1C191B2800AF5316 /* Debug */ = {
			isa = XCBuildConfiguration;
			buildSettings = {
				ASSETCATALOG_COMPILER_APPICON_NAME = AppIcon;
				CLANG_ENABLE_OBJC_ARC = NO;
				CODE_SIGN_IDENTITY = "iPhone Developer";
				"CODE_SIGN_IDENTITY[sdk=iphoneos*]" = "iPhone Developer";
				FRAMEWORK_SEARCH_PATHS = (
					"$(inherited)",
					"$(PROJECT_DIR)",
				);
				INFOPLIST_FILE = "OA自动办公系统/Info.plist";
				LD_RUNPATH_SEARCH_PATHS = "$(inherited) @executable_path/Frameworks";
				PRODUCT_BUNDLE_IDENTIFIER = "com.itacs.iOS.OA------";
				PRODUCT_NAME = "$(TARGET_NAME)";
				PROVISIONING_PROFILE = "";
			};
			name = Debug;
		};
		82E0B7BB1C191B2800AF5316 /* Release */ = {
			isa = XCBuildConfiguration;
			buildSettings = {
				ASSETCATALOG_COMPILER_APPICON_NAME = AppIcon;
				CLANG_ENABLE_OBJC_ARC = NO;
				CODE_SIGN_IDENTITY = "iPhone Developer";
				"CODE_SIGN_IDENTITY[sdk=iphoneos*]" = "iPhone Developer";
				FRAMEWORK_SEARCH_PATHS = (
					"$(inherited)",
					"$(PROJECT_DIR)",
				);
				INFOPLIST_FILE = "OA自动办公系统/Info.plist";
				LD_RUNPATH_SEARCH_PATHS = "$(inherited) @executable_path/Frameworks";
				PRODUCT_BUNDLE_IDENTIFIER = "com.itacs.iOS.OA------";
				PRODUCT_NAME = "$(TARGET_NAME)";
				PROVISIONING_PROFILE = "";
			};
			name = Release;
		};
		82E0B7BD1C191B2800AF5316 /* Debug */ = {
			isa = XCBuildConfiguration;
			buildSettings = {
				BUNDLE_LOADER = "$(TEST_HOST)";
				INFOPLIST_FILE = "OA自动办公系统Tests/Info.plist";
				LD_RUNPATH_SEARCH_PATHS = "$(inherited) @executable_path/Frameworks @loader_path/Frameworks";
				PRODUCT_BUNDLE_IDENTIFIER = "com.itacs.iOS.OA------Tests";
				PRODUCT_NAME = "$(TARGET_NAME)";
				TEST_HOST = "$(BUILT_PRODUCTS_DIR)/OA自动办公系统.app/OA自动办公系统";
			};
			name = Debug;
		};
		82E0B7BE1C191B2800AF5316 /* Release */ = {
			isa = XCBuildConfiguration;
			buildSettings = {
				BUNDLE_LOADER = "$(TEST_HOST)";
				INFOPLIST_FILE = "OA自动办公系统Tests/Info.plist";
				LD_RUNPATH_SEARCH_PATHS = "$(inherited) @executable_path/Frameworks @loader_path/Frameworks";
				PRODUCT_BUNDLE_IDENTIFIER = "com.itacs.iOS.OA------Tests";
				PRODUCT_NAME = "$(TARGET_NAME)";
				TEST_HOST = "$(BUILT_PRODUCTS_DIR)/OA自动办公系统.app/OA自动办公系统";
			};
			name = Release;
		};
		82E0B7C01C191B2800AF5316 /* Debug */ = {
			isa = XCBuildConfiguration;
			buildSettings = {
				INFOPLIST_FILE = "OA自动办公系统UITests/Info.plist";
				LD_RUNPATH_SEARCH_PATHS = "$(inherited) @executable_path/Frameworks @loader_path/Frameworks";
				PRODUCT_BUNDLE_IDENTIFIER = "com.itacs.iOS.OA------UITests";
				PRODUCT_NAME = "$(TARGET_NAME)";
				TEST_TARGET_NAME = "OA自动办公系统";
				USES_XCTRUNNER = YES;
			};
			name = Debug;
		};
		82E0B7C11C191B2800AF5316 /* Release */ = {
			isa = XCBuildConfiguration;
			buildSettings = {
				INFOPLIST_FILE = "OA自动办公系统UITests/Info.plist";
				LD_RUNPATH_SEARCH_PATHS = "$(inherited) @executable_path/Frameworks @loader_path/Frameworks";
				PRODUCT_BUNDLE_IDENTIFIER = "com.itacs.iOS.OA------UITests";
				PRODUCT_NAME = "$(TARGET_NAME)";
				TEST_TARGET_NAME = "OA自动办公系统";
				USES_XCTRUNNER = YES;
			};
			name = Release;
		};
/* End XCBuildConfiguration section */

/* Begin XCConfigurationList section */
		82E0B7871C191B2800AF5316 /* Build configuration list for PBXProject "OA自动办公系统" */ = {
			isa = XCConfigurationList;
			buildConfigurations = (
				82E0B7B71C191B2800AF5316 /* Debug */,
				82E0B7B81C191B2800AF5316 /* Release */,
			);
			defaultConfigurationIsVisible = 0;
			defaultConfigurationName = Release;
		};
		82E0B7B91C191B2800AF5316 /* Build configuration list for PBXNativeTarget "OA自动办公系统" */ = {
			isa = XCConfigurationList;
			buildConfigurations = (
				82E0B7BA1C191B2800AF5316 /* Debug */,
				82E0B7BB1C191B2800AF5316 /* Release */,
			);
			defaultConfigurationIsVisible = 0;
			defaultConfigurationName = Release;
		};
		82E0B7BC1C191B2800AF5316 /* Build configuration list for PBXNativeTarget "OA自动办公系统Tests" */ = {
			isa = XCConfigurationList;
			buildConfigurations = (
				82E0B7BD1C191B2800AF5316 /* Debug */,
				82E0B7BE1C191B2800AF5316 /* Release */,
			);
			defaultConfigurationIsVisible = 0;
			defaultConfigurationName = Release;
		};
		82E0B7BF1C191B2800AF5316 /* Build configuration list for PBXNativeTarget "OA自动办公系统UITests" */ = {
			isa = XCConfigurationList;
			buildConfigurations = (
				82E0B7C01C191B2800AF5316 /* Debug */,
				82E0B7C11C191B2800AF5316 /* Release */,
			);
			defaultConfigurationIsVisible = 0;
			defaultConfigurationName = Release;
		};
/* End XCConfigurationList section */
	};
	rootObject = 82E0B7841C191B2800AF5316 /* Project object */;
}
